{
  "version": 4,
  "terraform_version": "1.1.9",
  "serial": 246,
  "lineage": "6b8d982c-a9cb-4260-788f-5e732b01e4d8",
  "outputs": {
    "private_subnet_id": {
      "value": [
        "subnet-0c1fa5d40ceae0ac9",
        "subnet-0fa60287c4c2c1ac6"
      ],
      "type": [
        "tuple",
        [
          "string",
          "string"
        ]
      ]
    },
    "public_subnet_id": {
      "value": [
        "subnet-03f5544ac8342b14a",
        "subnet-0f921ddbd0fe62bb1"
      ],
      "type": [
        "tuple",
        [
          "string",
          "string"
        ]
      ]
    },
    "vpc_id": {
      "value": "vpc-09637901bbd6f2946",
      "type": "string"
    }
  },
  "resources": [
    {
      "mode": "data",
      "type": "aws_ami",
      "name": "launch_configuration_ami",
      "provider": "provider[\"registry.terraform.io/hashicorp/aws\"]",
      "instances": [
        {
          "schema_version": 0,
          "attributes": {
            "architecture": "x86_64",
            "arn": "arn:aws:ec2:eu-west-1::image/ami-0acce3a66a5ae82e9",
            "block_device_mappings": [
              {
                "device_name": "/dev/sdb",
                "ebs": {
                  "delete_on_termination": "true",
                  "encrypted": "false",
                  "iops": "0",
                  "snapshot_id": "snap-0be3e2e4b06001c9a",
                  "throughput": "0",
                  "volume_size": "100",
                  "volume_type": "gp2"
                },
                "no_device": "",
                "virtual_name": ""
              },
              {
                "device_name": "/dev/xvda",
                "ebs": {
                  "delete_on_termination": "true",
                  "encrypted": "false",
                  "iops": "0",
                  "snapshot_id": "snap-0167c526f020ca83a",
                  "throughput": "0",
                  "volume_size": "20",
                  "volume_type": "gp2"
                },
                "no_device": "",
                "virtual_name": ""
              }
            ],
            "creation_date": "2021-06-24T21:51:43.000Z",
            "description": "secretsales-upg-ami",
            "ena_support": true,
            "executable_users": null,
            "filter": [
              {
                "name": "root-device-type",
                "values": [
                  "ebs"
                ]
              }
            ],
            "hypervisor": "xen",
            "id": "ami-0acce3a66a5ae82e9",
            "image_id": "ami-0acce3a66a5ae82e9",
            "image_location": "410587888893/secretsales-upg-ami",
            "image_owner_alias": null,
            "image_type": "machine",
            "kernel_id": null,
            "most_recent": true,
            "name": "secretsales-upg-ami",
            "name_regex": null,
            "owner_id": "410587888893",
            "owners": [
              "self"
            ],
            "platform": null,
            "platform_details": "Linux/UNIX",
            "product_codes": [],
            "public": false,
            "ramdisk_id": null,
            "root_device_name": "/dev/xvda",
            "root_device_type": "ebs",
            "root_snapshot_id": "snap-0167c526f020ca83a",
            "sriov_net_support": "simple",
            "state": "available",
            "state_reason": {
              "code": "UNSET",
              "message": "UNSET"
            },
            "tags": {},
            "usage_operation": "RunInstances",
            "virtualization_type": "hvm"
          },
          "sensitive_attributes": []
        }
      ]
    },
    {
      "mode": "data",
      "type": "aws_iam_policy_document",
      "name": "allow_access_from_inner_lb",
      "provider": "provider[\"registry.terraform.io/hashicorp/aws\"]",
      "instances": [
        {
          "schema_version": 0,
          "attributes": {
            "id": "2589835453",
            "json": "{\n  \"Version\": \"2012-10-17\",\n  \"Statement\": [\n    {\n      \"Sid\": \"\",\n      \"Effect\": \"Allow\",\n      \"Action\": [\n        \"s3:ListBucket\",\n        \"s3:GetObject\"\n      ],\n      \"Resource\": [\n        \"arn:aws:s3:::o4bproject-inner-lb-bucket/*\",\n        \"arn:aws:s3:::o4bproject-inner-lb-bucket\"\n      ],\n      \"Principal\": {\n        \"AWS\": \"410587888893\"\n      }\n    }\n  ]\n}",
            "override_json": null,
            "override_policy_documents": null,
            "policy_id": null,
            "source_json": null,
            "source_policy_documents": null,
            "statement": [
              {
                "actions": [
                  "s3:GetObject",
                  "s3:ListBucket"
                ],
                "condition": [],
                "effect": "Allow",
                "not_actions": [],
                "not_principals": [],
                "not_resources": [],
                "principals": [
                  {
                    "identifiers": [
                      "410587888893"
                    ],
                    "type": "AWS"
                  }
                ],
                "resources": [
                  "arn:aws:s3:::o4bproject-inner-lb-bucket",
                  "arn:aws:s3:::o4bproject-inner-lb-bucket/*"
                ],
                "sid": ""
              }
            ],
            "version": "2012-10-17"
          },
          "sensitive_attributes": []
        }
      ]
    },
    {
      "mode": "data",
      "type": "aws_iam_policy_document",
      "name": "allow_access_from_outer_lb",
      "provider": "provider[\"registry.terraform.io/hashicorp/aws\"]",
      "instances": [
        {
          "schema_version": 0,
          "attributes": {
            "id": "2799262444",
            "json": "{\n  \"Version\": \"2012-10-17\",\n  \"Statement\": [\n    {\n      \"Sid\": \"\",\n      \"Effect\": \"Allow\",\n      \"Action\": [\n        \"s3:ListBucket\",\n        \"s3:GetObject\"\n      ],\n      \"Resource\": [\n        \"arn:aws:s3:::o4bproject-outer-lb-bucket/*\",\n        \"arn:aws:s3:::o4bproject-outer-lb-bucket\"\n      ],\n      \"Principal\": {\n        \"AWS\": \"410587888893\"\n      }\n    }\n  ]\n}",
            "override_json": null,
            "override_policy_documents": null,
            "policy_id": null,
            "source_json": null,
            "source_policy_documents": null,
            "statement": [
              {
                "actions": [
                  "s3:GetObject",
                  "s3:ListBucket"
                ],
                "condition": [],
                "effect": "Allow",
                "not_actions": [],
                "not_principals": [],
                "not_resources": [],
                "principals": [
                  {
                    "identifiers": [
                      "410587888893"
                    ],
                    "type": "AWS"
                  }
                ],
                "resources": [
                  "arn:aws:s3:::o4bproject-outer-lb-bucket",
                  "arn:aws:s3:::o4bproject-outer-lb-bucket/*"
                ],
                "sid": ""
              }
            ],
            "version": "2012-10-17"
          },
          "sensitive_attributes": []
        }
      ]
    },
    {
      "mode": "managed",
      "type": "aws_autoscaling_policy",
      "name": "o4bproject_asg_scalein_policy",
      "provider": "provider[\"registry.terraform.io/hashicorp/aws\"]",
      "instances": []
    },
    {
      "mode": "managed",
      "type": "aws_autoscaling_policy",
      "name": "o4bproject_asg_scaleout_policy",
      "provider": "provider[\"registry.terraform.io/hashicorp/aws\"]",
      "instances": []
    },
    {
      "mode": "managed",
      "type": "aws_cloudwatch_metric_alarm",
      "name": "o4bproject_asg_scalein_alarm",
      "provider": "provider[\"registry.terraform.io/hashicorp/aws\"]",
      "instances": []
    },
    {
      "mode": "managed",
      "type": "aws_cloudwatch_metric_alarm",
      "name": "o4bproject_asg_scaleout_alarm",
      "provider": "provider[\"registry.terraform.io/hashicorp/aws\"]",
      "instances": []
    },
    {
      "mode": "managed",
      "type": "aws_db_instance",
      "name": "o4bproject_db",
      "provider": "provider[\"registry.terraform.io/hashicorp/aws\"]",
      "instances": [
        {
          "schema_version": 1,
          "attributes": {
            "address": "terraform-20220606215922699700000001.c0fmpen9bjko.eu-west-1.rds.amazonaws.com",
            "allocated_storage": 10,
            "allow_major_version_upgrade": null,
            "apply_immediately": null,
            "arn": "arn:aws:rds:eu-west-1:410587888893:db:terraform-20220606215922699700000001",
            "auto_minor_version_upgrade": true,
            "availability_zone": "eu-west-1a",
            "backup_retention_period": 0,
            "backup_window": "04:58-05:28",
            "ca_cert_identifier": "rds-ca-2019",
            "character_set_name": "",
            "copy_tags_to_snapshot": true,
            "customer_owned_ip_enabled": false,
            "db_subnet_group_name": "default",
            "delete_automated_backups": true,
            "deletion_protection": false,
            "domain": "",
            "domain_iam_role_name": "",
            "enabled_cloudwatch_logs_exports": null,
            "endpoint": "terraform-20220606215922699700000001.c0fmpen9bjko.eu-west-1.rds.amazonaws.com:3306",
            "engine": "mysql",
            "engine_version": "8.0.28",
            "engine_version_actual": "8.0.28",
            "final_snapshot_identifier": null,
            "hosted_zone_id": "Z29XKXDKYMONMX",
            "iam_database_authentication_enabled": false,
            "id": "terraform-20220606215922699700000001",
            "identifier": "terraform-20220606215922699700000001",
            "identifier_prefix": null,
            "instance_class": "db.m6g.large",
            "iops": 0,
            "kms_key_id": "",
            "latest_restorable_time": "0001-01-01T00:00:00Z",
            "license_model": "general-public-license",
            "maintenance_window": "thu:02:34-thu:03:04",
            "max_allocated_storage": 20,
            "monitoring_interval": 0,
            "monitoring_role_arn": "",
            "multi_az": false,
            "name": "ampdevo4b",
            "nchar_character_set_name": "",
            "option_group_name": "default:mysql-8-0",
            "parameter_group_name": "default.mysql8.0",
            "password": "password",
            "performance_insights_enabled": true,
            "performance_insights_kms_key_id": "arn:aws:kms:eu-west-1:410587888893:key/60318d66-e783-45a9-9afc-a302e8669246",
            "performance_insights_retention_period": 7,
            "port": 3306,
            "publicly_accessible": false,
            "replica_mode": "",
            "replicas": [],
            "replicate_source_db": "",
            "resource_id": "db-QOJUV52G5AYUIDRHISLZHYLBCM",
            "restore_to_point_in_time": [],
            "s3_import": [],
            "security_group_names": null,
            "skip_final_snapshot": true,
            "snapshot_identifier": null,
            "status": "available",
            "storage_encrypted": false,
            "storage_type": "gp2",
            "tags": {
              "Environment": "dev",
              "Name": "AmpDevO4b-rds"
            },
            "tags_all": {
              "Environment": "dev",
              "Name": "AmpDevO4b-rds"
            },
            "timeouts": null,
            "timezone": "",
            "username": "username",
            "vpc_security_group_ids": [
              "sg-fb39709c"
            ]
          },
          "sensitive_attributes": [],
          "private": "eyJlMmJmYjczMC1lY2FhLTExZTYtOGY4OC0zNDM2M2JjN2M0YzAiOnsiY3JlYXRlIjoyNDAwMDAwMDAwMDAwLCJkZWxldGUiOjM2MDAwMDAwMDAwMDAsInVwZGF0ZSI6NDgwMDAwMDAwMDAwMH0sInNjaGVtYV92ZXJzaW9uIjoiMSJ9"
        }
      ]
    },
    {
      "mode": "managed",
      "type": "aws_db_subnet_group",
      "name": "o4bproject_db_subnet_group",
      "provider": "provider[\"registry.terraform.io/hashicorp/aws\"]",
      "instances": [
        {
          "schema_version": 0,
          "attributes": {
            "arn": "arn:aws:rds:eu-west-1:410587888893:subgrp:ampdevo4b_db",
            "description": "Managed by Terraform",
            "id": "ampdevo4b_db",
            "name": "ampdevo4b_db",
            "name_prefix": null,
            "subnet_ids": [
              "subnet-0c1fa5d40ceae0ac9",
              "subnet-0fa60287c4c2c1ac6"
            ],
            "tags": {
              "Name": "AmpDevO4b-db-subnet-group"
            },
            "tags_all": {
              "Name": "AmpDevO4b-db-subnet-group"
            }
          },
          "sensitive_attributes": [],
          "private": "bnVsbA==",
          "dependencies": [
            "aws_subnet.o4bproject-private",
            "aws_vpc.o4bproject"
          ]
        }
      ]
    },
    {
      "mode": "managed",
      "type": "aws_efs_file_system",
      "name": "o4bproject_efs",
      "provider": "provider[\"registry.terraform.io/hashicorp/aws\"]",
      "instances": [
        {
          "schema_version": 0,
          "attributes": {
            "arn": "arn:aws:elasticfilesystem:eu-west-1:410587888893:file-system/fs-0222dd4cdd2956b97",
            "availability_zone_id": "",
            "availability_zone_name": "",
            "creation_token": "AmpDevO4b_efs",
            "dns_name": "fs-0222dd4cdd2956b97.efs.eu-west-1.amazonaws.com",
            "encrypted": false,
            "id": "fs-0222dd4cdd2956b97",
            "kms_key_id": "",
            "lifecycle_policy": [
              {
                "transition_to_ia": "AFTER_30_DAYS",
                "transition_to_primary_storage_class": ""
              }
            ],
            "number_of_mount_targets": 2,
            "owner_id": "410587888893",
            "performance_mode": "generalPurpose",
            "provisioned_throughput_in_mibps": 0,
            "size_in_bytes": [
              {
                "value": 6144,
                "value_in_ia": 0,
                "value_in_standard": 6144
              }
            ],
            "tags": {
              "Environment": "dev",
              "Name": "AmpDevO4b_efs"
            },
            "tags_all": {
              "Environment": "dev",
              "Name": "AmpDevO4b_efs"
            },
            "throughput_mode": "bursting"
          },
          "sensitive_attributes": [],
          "private": "bnVsbA=="
        }
      ]
    },
    {
      "mode": "managed",
      "type": "aws_efs_mount_target",
      "name": "o4bproject_efs_private_mount_target",
      "provider": "provider[\"registry.terraform.io/hashicorp/aws\"]",
      "instances": [
        {
          "index_key": 0,
          "schema_version": 0,
          "attributes": {
            "availability_zone_id": "euw1-az2",
            "availability_zone_name": "eu-west-1a",
            "dns_name": "fs-0222dd4cdd2956b97.efs.eu-west-1.amazonaws.com",
            "file_system_arn": "arn:aws:elasticfilesystem:eu-west-1:410587888893:file-system/fs-0222dd4cdd2956b97",
            "file_system_id": "fs-0222dd4cdd2956b97",
            "id": "fsmt-06b66af9310eb138f",
            "ip_address": "10.0.3.127",
            "mount_target_dns_name": "eu-west-1a.fs-0222dd4cdd2956b97.efs.eu-west-1.amazonaws.com",
            "network_interface_id": "eni-03493ab76155ce313",
            "owner_id": "410587888893",
            "security_groups": [
              "sg-0eafed1506eaf4ef9",
              "sg-0f295e5b8372e6047"
            ],
            "subnet_id": "subnet-0c1fa5d40ceae0ac9"
          },
          "sensitive_attributes": [],
          "private": "bnVsbA==",
          "dependencies": [
            "aws_efs_file_system.o4bproject_efs",
            "aws_security_group.o4bproject_dev_ec2_private_sg",
            "aws_security_group.o4bproject_dev_ec2_public_sg",
            "aws_security_group.o4bproject_efs_sg",
            "aws_subnet.o4bproject-private",
            "aws_vpc.o4bproject"
          ]
        },
        {
          "index_key": 1,
          "schema_version": 0,
          "attributes": {
            "availability_zone_id": "euw1-az3",
            "availability_zone_name": "eu-west-1b",
            "dns_name": "fs-0222dd4cdd2956b97.efs.eu-west-1.amazonaws.com",
            "file_system_arn": "arn:aws:elasticfilesystem:eu-west-1:410587888893:file-system/fs-0222dd4cdd2956b97",
            "file_system_id": "fs-0222dd4cdd2956b97",
            "id": "fsmt-05ac57dc9838bc85a",
            "ip_address": "10.0.4.138",
            "mount_target_dns_name": "eu-west-1b.fs-0222dd4cdd2956b97.efs.eu-west-1.amazonaws.com",
            "network_interface_id": "eni-0c9bf098557f120f7",
            "owner_id": "410587888893",
            "security_groups": [
              "sg-0eafed1506eaf4ef9",
              "sg-0f295e5b8372e6047"
            ],
            "subnet_id": "subnet-0fa60287c4c2c1ac6"
          },
          "sensitive_attributes": [],
          "private": "bnVsbA==",
          "dependencies": [
            "aws_efs_file_system.o4bproject_efs",
            "aws_security_group.o4bproject_dev_ec2_private_sg",
            "aws_security_group.o4bproject_dev_ec2_public_sg",
            "aws_security_group.o4bproject_efs_sg",
            "aws_subnet.o4bproject-private",
            "aws_vpc.o4bproject"
          ]
        }
      ]
    },
    {
      "mode": "managed",
      "type": "aws_efs_mount_target",
      "name": "o4bproject_efs_public_mount_target",
      "provider": "provider[\"registry.terraform.io/hashicorp/aws\"]",
      "instances": []
    },
    {
      "mode": "managed",
      "type": "aws_iam_instance_profile",
      "name": "o4bproject_ec2_iam_instance_profile",
      "provider": "provider[\"registry.terraform.io/hashicorp/aws\"]",
      "instances": [
        {
          "schema_version": 0,
          "attributes": {
            "arn": "arn:aws:iam::410587888893:instance-profile/AmpDevO4b-ec2-iam-instance-profile",
            "create_date": "2022-06-06T11:38:03Z",
            "id": "AmpDevO4b-ec2-iam-instance-profile",
            "name": "AmpDevO4b-ec2-iam-instance-profile",
            "name_prefix": null,
            "path": "/",
            "role": "AmpDevO4b-ec2-iam-role",
            "tags": {},
            "tags_all": {},
            "unique_id": "AIPAV7GHR7T6XOZIQSPSS"
          },
          "sensitive_attributes": [],
          "private": "bnVsbA==",
          "dependencies": [
            "aws_iam_role.o4bproject_ec2_iam_role"
          ],
          "create_before_destroy": true
        }
      ]
    },
    {
      "mode": "managed",
      "type": "aws_iam_role",
      "name": "o4bproject_ec2_iam_role",
      "provider": "provider[\"registry.terraform.io/hashicorp/aws\"]",
      "instances": [
        {
          "schema_version": 0,
          "attributes": {
            "arn": "arn:aws:iam::410587888893:role/AmpDevO4b-ec2-iam-role",
            "assume_role_policy": "{\"Version\":\"2012-10-17\",\"Statement\":[{\"Sid\":\"\",\"Effect\":\"Allow\",\"Principal\":{\"Service\":[\"ec2.amazonaws.com\",\"application-autoscaling.amazonaws.com\"]},\"Action\":\"sts:AssumeRole\"}]}",
            "create_date": "2022-06-06T11:38:01Z",
            "description": "",
            "force_detach_policies": false,
            "id": "AmpDevO4b-ec2-iam-role",
            "inline_policy": [
              {
                "name": "AmpDevO4b-ec2-iam-policy",
                "policy": "{\"Statement\":[{\"Action\":[\"ec2:*\",\"elasticloadbalancing:*\",\"cloudwatch:*\",\"autoscalinggroup:*\",\"logs:*\"],\"Effect\":\"Allow\",\"Resource\":\"*\"}],\"Version\":\"2012-10-17\"}"
              }
            ],
            "managed_policy_arns": [],
            "max_session_duration": 3600,
            "name": "AmpDevO4b-ec2-iam-role",
            "name_prefix": "",
            "path": "/",
            "permissions_boundary": null,
            "tags": {
              "Environment": "dev",
              "Name": "AmpDevO4b-ec2-iam-role"
            },
            "tags_all": {
              "Environment": "dev",
              "Name": "AmpDevO4b-ec2-iam-role"
            },
            "unique_id": "AROAV7GHR7T6T5CMVWJU4"
          },
          "sensitive_attributes": [],
          "private": "bnVsbA==",
          "create_before_destroy": true
        }
      ]
    },
    {
      "mode": "managed",
      "type": "aws_iam_role_policy",
      "name": "o4bproject_ec2_iam_role_policy",
      "provider": "provider[\"registry.terraform.io/hashicorp/aws\"]",
      "instances": [
        {
          "schema_version": 0,
          "attributes": {
            "id": "AmpDevO4b-ec2-iam-role:AmpDevO4b-ec2-iam-policy",
            "name": "AmpDevO4b-ec2-iam-policy",
            "name_prefix": null,
            "policy": "{\"Statement\":[{\"Action\":[\"ec2:*\",\"elasticloadbalancing:*\",\"cloudwatch:*\",\"autoscalinggroup:*\",\"logs:*\"],\"Effect\":\"Allow\",\"Resource\":\"*\"}],\"Version\":\"2012-10-17\"}",
            "role": "AmpDevO4b-ec2-iam-role"
          },
          "sensitive_attributes": [],
          "private": "bnVsbA==",
          "dependencies": [
            "aws_iam_role.o4bproject_ec2_iam_role"
          ]
        }
      ]
    },
    {
      "mode": "managed",
      "type": "aws_instance",
      "name": "o4bproject_magento_instance",
      "provider": "provider[\"registry.terraform.io/hashicorp/aws\"]",
      "instances": []
    },
    {
      "mode": "managed",
      "type": "aws_instance",
      "name": "o4bproject_varnish_instance",
      "provider": "provider[\"registry.terraform.io/hashicorp/aws\"]",
      "instances": []
    },
    {
      "mode": "managed",
      "type": "aws_internet_gateway",
      "name": "o4bproject-igw",
      "provider": "provider[\"registry.terraform.io/hashicorp/aws\"]",
      "instances": [
        {
          "schema_version": 0,
          "attributes": {
            "arn": "arn:aws:ec2:eu-west-1:410587888893:internet-gateway/igw-0b36e4b018728bbc2",
            "id": "igw-0b36e4b018728bbc2",
            "owner_id": "410587888893",
            "tags": {
              "Environment": "dev",
              "Name": "AmpDevO4b-igw"
            },
            "tags_all": {
              "Environment": "dev",
              "Name": "AmpDevO4b-igw"
            },
            "vpc_id": "vpc-09637901bbd6f2946"
          },
          "sensitive_attributes": [],
          "private": "bnVsbA==",
          "dependencies": [
            "aws_vpc.o4bproject"
          ]
        }
      ]
    },
    {
      "mode": "managed",
      "type": "aws_launch_configuration",
      "name": "o4bproject_ec2_private_launch_configuration",
      "provider": "provider[\"registry.terraform.io/hashicorp/aws\"]",
      "instances": [
        {
          "schema_version": 0,
          "attributes": {
            "arn": "arn:aws:autoscaling:eu-west-1:410587888893:launchConfiguration:de61e390-56fa-4fe3-a654-ba0084e7b395:launchConfigurationName/terraform-20220606113824398200000002",
            "associate_public_ip_address": false,
            "ebs_block_device": [],
            "ebs_optimized": false,
            "enable_monitoring": true,
            "ephemeral_block_device": [],
            "iam_instance_profile": "AmpDevO4b-ec2-iam-instance-profile",
            "id": "terraform-20220606113824398200000002",
            "image_id": "ami-0acce3a66a5ae82e9",
            "instance_type": "m6a.large",
            "key_name": "",
            "metadata_options": [],
            "name": "terraform-20220606113824398200000002",
            "name_prefix": "terraform-",
            "placement_tenancy": null,
            "root_block_device": [],
            "security_groups": [
              "sg-0f295e5b8372e6047"
            ],
            "spot_price": "",
            "user_data": "da39a3ee5e6b4b0d3255bfef95601890afd80709",
            "user_data_base64": null,
            "vpc_classic_link_id": "",
            "vpc_classic_link_security_groups": []
          },
          "sensitive_attributes": [],
          "private": "bnVsbA==",
          "dependencies": [
            "aws_iam_instance_profile.o4bproject_ec2_iam_instance_profile",
            "aws_iam_role.o4bproject_ec2_iam_role",
            "aws_security_group.o4bproject_dev_ec2_private_sg",
            "aws_security_group.o4bproject_dev_ec2_public_sg",
            "aws_vpc.o4bproject",
            "data.aws_ami.launch_configuration_ami"
          ],
          "create_before_destroy": true
        }
      ]
    },
    {
      "mode": "managed",
      "type": "aws_lb",
      "name": "o4bproject_inner_alb",
      "provider": "provider[\"registry.terraform.io/hashicorp/aws\"]",
      "instances": [
        {
          "schema_version": 0,
          "attributes": {
            "access_logs": [
              {
                "bucket": "",
                "enabled": false,
                "prefix": ""
              }
            ],
            "arn": "arn:aws:elasticloadbalancing:eu-west-1:410587888893:loadbalancer/app/AmpDevO4b-inner-alb/de4fb840b76717fe",
            "arn_suffix": "app/AmpDevO4b-inner-alb/de4fb840b76717fe",
            "customer_owned_ipv4_pool": "",
            "desync_mitigation_mode": "defensive",
            "dns_name": "internal-AmpDevO4b-inner-alb-1378833714.eu-west-1.elb.amazonaws.com",
            "drop_invalid_header_fields": false,
            "enable_cross_zone_load_balancing": null,
            "enable_deletion_protection": false,
            "enable_http2": true,
            "enable_waf_fail_open": false,
            "id": "arn:aws:elasticloadbalancing:eu-west-1:410587888893:loadbalancer/app/AmpDevO4b-inner-alb/de4fb840b76717fe",
            "idle_timeout": 60,
            "internal": true,
            "ip_address_type": "ipv4",
            "load_balancer_type": "application",
            "name": "AmpDevO4b-inner-alb",
            "name_prefix": null,
            "security_groups": [
              "sg-072ebbb65c35274bf"
            ],
            "subnet_mapping": [
              {
                "allocation_id": "",
                "ipv6_address": "",
                "outpost_id": "",
                "private_ipv4_address": "",
                "subnet_id": "subnet-0c1fa5d40ceae0ac9"
              },
              {
                "allocation_id": "",
                "ipv6_address": "",
                "outpost_id": "",
                "private_ipv4_address": "",
                "subnet_id": "subnet-0fa60287c4c2c1ac6"
              }
            ],
            "subnets": [
              "subnet-0c1fa5d40ceae0ac9",
              "subnet-0fa60287c4c2c1ac6"
            ],
            "tags": {
              "Environment": "dev",
              "Name": "AmpDevO4b-inner-alb"
            },
            "tags_all": {
              "Environment": "dev",
              "Name": "AmpDevO4b-inner-alb"
            },
            "timeouts": null,
            "vpc_id": "vpc-09637901bbd6f2946",
            "zone_id": "Z32O12XQLNTSW2"
          },
          "sensitive_attributes": [],
          "private": "eyJlMmJmYjczMC1lY2FhLTExZTYtOGY4OC0zNDM2M2JjN2M0YzAiOnsiY3JlYXRlIjo2MDAwMDAwMDAwMDAsImRlbGV0ZSI6NjAwMDAwMDAwMDAwLCJ1cGRhdGUiOjYwMDAwMDAwMDAwMH19",
          "dependencies": [
            "aws_security_group.o4bproject_inner_alb",
            "aws_subnet.o4bproject-private"
          ],
          "create_before_destroy": true
        }
      ]
    },
    {
      "mode": "managed",
      "type": "aws_lb",
      "name": "o4bproject_outer_alb",
      "provider": "provider[\"registry.terraform.io/hashicorp/aws\"]",
      "instances": [
        {
          "schema_version": 0,
          "attributes": {
            "access_logs": [
              {
                "bucket": "",
                "enabled": false,
                "prefix": ""
              }
            ],
            "arn": "arn:aws:elasticloadbalancing:eu-west-1:410587888893:loadbalancer/app/AmpDevO4b-outer-alb/9a8cd423bb6acae1",
            "arn_suffix": "app/AmpDevO4b-outer-alb/9a8cd423bb6acae1",
            "customer_owned_ipv4_pool": "",
            "desync_mitigation_mode": "defensive",
            "dns_name": "AmpDevO4b-outer-alb-903797475.eu-west-1.elb.amazonaws.com",
            "drop_invalid_header_fields": false,
            "enable_cross_zone_load_balancing": null,
            "enable_deletion_protection": false,
            "enable_http2": true,
            "enable_waf_fail_open": false,
            "id": "arn:aws:elasticloadbalancing:eu-west-1:410587888893:loadbalancer/app/AmpDevO4b-outer-alb/9a8cd423bb6acae1",
            "idle_timeout": 60,
            "internal": false,
            "ip_address_type": "ipv4",
            "load_balancer_type": "application",
            "name": "AmpDevO4b-outer-alb",
            "name_prefix": null,
            "security_groups": [
              "sg-016df23d4d32c0647"
            ],
            "subnet_mapping": [
              {
                "allocation_id": "",
                "ipv6_address": "",
                "outpost_id": "",
                "private_ipv4_address": "",
                "subnet_id": "subnet-03f5544ac8342b14a"
              },
              {
                "allocation_id": "",
                "ipv6_address": "",
                "outpost_id": "",
                "private_ipv4_address": "",
                "subnet_id": "subnet-0f921ddbd0fe62bb1"
              }
            ],
            "subnets": [
              "subnet-03f5544ac8342b14a",
              "subnet-0f921ddbd0fe62bb1"
            ],
            "tags": {
              "Environment": "dev",
              "Name": "AmpDevO4b-outer-alb"
            },
            "tags_all": {
              "Environment": "dev",
              "Name": "AmpDevO4b-outer-alb"
            },
            "timeouts": null,
            "vpc_id": "vpc-09637901bbd6f2946",
            "zone_id": "Z32O12XQLNTSW2"
          },
          "sensitive_attributes": [],
          "private": "eyJlMmJmYjczMC1lY2FhLTExZTYtOGY4OC0zNDM2M2JjN2M0YzAiOnsiY3JlYXRlIjo2MDAwMDAwMDAwMDAsImRlbGV0ZSI6NjAwMDAwMDAwMDAwLCJ1cGRhdGUiOjYwMDAwMDAwMDAwMH19",
          "dependencies": [
            "aws_security_group.o4bproject_dev_ec2_public_sg",
            "aws_security_group.o4bproject_outer_alb",
            "aws_subnet.o4bproject-public",
            "aws_vpc.o4bproject"
          ]
        }
      ]
    },
    {
      "mode": "managed",
      "type": "aws_lb_listener",
      "name": "o4bproject_inner_alb",
      "provider": "provider[\"registry.terraform.io/hashicorp/aws\"]",
      "instances": [
        {
          "schema_version": 0,
          "attributes": {
            "alpn_policy": null,
            "arn": "arn:aws:elasticloadbalancing:eu-west-1:410587888893:listener/app/AmpDevO4b-inner-alb/de4fb840b76717fe/ead4ed9cc2646cdc",
            "certificate_arn": null,
            "default_action": [
              {
                "authenticate_cognito": [],
                "authenticate_oidc": [],
                "fixed_response": [],
                "forward": [],
                "order": 1,
                "redirect": [],
                "target_group_arn": "arn:aws:elasticloadbalancing:eu-west-1:410587888893:targetgroup/AmpDevO4b-inner-alb/e3947311cdacbfa7",
                "type": "forward"
              }
            ],
            "id": "arn:aws:elasticloadbalancing:eu-west-1:410587888893:listener/app/AmpDevO4b-inner-alb/de4fb840b76717fe/ead4ed9cc2646cdc",
            "load_balancer_arn": "arn:aws:elasticloadbalancing:eu-west-1:410587888893:loadbalancer/app/AmpDevO4b-inner-alb/de4fb840b76717fe",
            "port": 80,
            "protocol": "HTTP",
            "ssl_policy": "",
            "tags": null,
            "tags_all": {},
            "timeouts": null
          },
          "sensitive_attributes": [],
          "private": "eyJlMmJmYjczMC1lY2FhLTExZTYtOGY4OC0zNDM2M2JjN2M0YzAiOnsicmVhZCI6NjAwMDAwMDAwMDAwfX0=",
          "dependencies": [
            "aws_lb.o4bproject_inner_alb",
            "aws_lb_target_group.o4bproject_inner_alb",
            "aws_security_group.o4bproject_inner_alb",
            "aws_subnet.o4bproject-private"
          ]
        }
      ]
    },
    {
      "mode": "managed",
      "type": "aws_lb_listener",
      "name": "o4bproject_outer_alb",
      "provider": "provider[\"registry.terraform.io/hashicorp/aws\"]",
      "instances": [
        {
          "schema_version": 0,
          "attributes": {
            "alpn_policy": null,
            "arn": "arn:aws:elasticloadbalancing:eu-west-1:410587888893:listener/app/AmpDevO4b-outer-alb/9a8cd423bb6acae1/825114946c442a18",
            "certificate_arn": null,
            "default_action": [
              {
                "authenticate_cognito": [],
                "authenticate_oidc": [],
                "fixed_response": [],
                "forward": [],
                "order": 1,
                "redirect": [],
                "target_group_arn": "arn:aws:elasticloadbalancing:eu-west-1:410587888893:targetgroup/AmpDevO4b-outer-alb/33f2718fe9ff6006",
                "type": "forward"
              }
            ],
            "id": "arn:aws:elasticloadbalancing:eu-west-1:410587888893:listener/app/AmpDevO4b-outer-alb/9a8cd423bb6acae1/825114946c442a18",
            "load_balancer_arn": "arn:aws:elasticloadbalancing:eu-west-1:410587888893:loadbalancer/app/AmpDevO4b-outer-alb/9a8cd423bb6acae1",
            "port": 80,
            "protocol": "HTTP",
            "ssl_policy": "",
            "tags": {},
            "tags_all": {},
            "timeouts": null
          },
          "sensitive_attributes": [],
          "private": "eyJlMmJmYjczMC1lY2FhLTExZTYtOGY4OC0zNDM2M2JjN2M0YzAiOnsicmVhZCI6NjAwMDAwMDAwMDAwfX0=",
          "dependencies": [
            "aws_lb.o4bproject_outer_alb",
            "aws_lb_target_group.o4bproject_outer_alb",
            "aws_security_group.o4bproject_dev_ec2_public_sg",
            "aws_security_group.o4bproject_outer_alb",
            "aws_subnet.o4bproject-public",
            "aws_vpc.o4bproject"
          ]
        }
      ]
    },
    {
      "mode": "managed",
      "type": "aws_lb_target_group",
      "name": "o4bproject_inner_alb",
      "provider": "provider[\"registry.terraform.io/hashicorp/aws\"]",
      "instances": [
        {
          "schema_version": 0,
          "attributes": {
            "arn": "arn:aws:elasticloadbalancing:eu-west-1:410587888893:targetgroup/AmpDevO4b-inner-alb/e3947311cdacbfa7",
            "arn_suffix": "targetgroup/AmpDevO4b-inner-alb/e3947311cdacbfa7",
            "connection_termination": false,
            "deregistration_delay": "300",
            "health_check": [
              {
                "enabled": true,
                "healthy_threshold": 3,
                "interval": 30,
                "matcher": "200",
                "path": "/~/src/health_checks",
                "port": "80",
                "protocol": "HTTP",
                "timeout": 5,
                "unhealthy_threshold": 2
              }
            ],
            "id": "arn:aws:elasticloadbalancing:eu-west-1:410587888893:targetgroup/AmpDevO4b-inner-alb/e3947311cdacbfa7",
            "lambda_multi_value_headers_enabled": false,
            "load_balancing_algorithm_type": "round_robin",
            "name": "AmpDevO4b-inner-alb",
            "name_prefix": null,
            "port": 80,
            "preserve_client_ip": null,
            "protocol": "HTTP",
            "protocol_version": "HTTP1",
            "proxy_protocol_v2": false,
            "slow_start": 0,
            "stickiness": [
              {
                "cookie_duration": 86400,
                "cookie_name": "",
                "enabled": false,
                "type": "lb_cookie"
              }
            ],
            "tags": {},
            "tags_all": {},
            "target_type": "instance",
            "vpc_id": "vpc-09637901bbd6f2946"
          },
          "sensitive_attributes": [],
          "private": "bnVsbA==",
          "dependencies": [
            "aws_vpc.o4bproject"
          ]
        }
      ]
    },
    {
      "mode": "managed",
      "type": "aws_lb_target_group",
      "name": "o4bproject_outer_alb",
      "provider": "provider[\"registry.terraform.io/hashicorp/aws\"]",
      "instances": [
        {
          "schema_version": 0,
          "attributes": {
            "arn": "arn:aws:elasticloadbalancing:eu-west-1:410587888893:targetgroup/AmpDevO4b-outer-alb/33f2718fe9ff6006",
            "arn_suffix": "targetgroup/AmpDevO4b-outer-alb/33f2718fe9ff6006",
            "connection_termination": false,
            "deregistration_delay": "300",
            "health_check": [
              {
                "enabled": true,
                "healthy_threshold": 3,
                "interval": 30,
                "matcher": "200",
                "path": "/~/src/health_checks",
                "port": "80",
                "protocol": "HTTP",
                "timeout": 5,
                "unhealthy_threshold": 2
              }
            ],
            "id": "arn:aws:elasticloadbalancing:eu-west-1:410587888893:targetgroup/AmpDevO4b-outer-alb/33f2718fe9ff6006",
            "lambda_multi_value_headers_enabled": false,
            "load_balancing_algorithm_type": "round_robin",
            "name": "AmpDevO4b-outer-alb",
            "name_prefix": null,
            "port": 80,
            "preserve_client_ip": null,
            "protocol": "HTTP",
            "protocol_version": "HTTP1",
            "proxy_protocol_v2": false,
            "slow_start": 0,
            "stickiness": [
              {
                "cookie_duration": 86400,
                "cookie_name": "",
                "enabled": false,
                "type": "lb_cookie"
              }
            ],
            "tags": {},
            "tags_all": {},
            "target_type": "instance",
            "vpc_id": "vpc-09637901bbd6f2946"
          },
          "sensitive_attributes": [],
          "private": "bnVsbA==",
          "dependencies": [
            "aws_vpc.o4bproject"
          ]
        }
      ]
    },
    {
      "mode": "managed",
      "type": "aws_nat_gateway",
      "name": "o4bproject-nat-gateway",
      "provider": "provider[\"registry.terraform.io/hashicorp/aws\"]",
      "instances": []
    },
    {
      "mode": "managed",
      "type": "aws_route",
      "name": "o4bproject-nat-gateway-route",
      "provider": "provider[\"registry.terraform.io/hashicorp/aws\"]",
      "instances": []
    },
    {
      "mode": "managed",
      "type": "aws_route",
      "name": "public-internet-gateway-route",
      "provider": "provider[\"registry.terraform.io/hashicorp/aws\"]",
      "instances": [
        {
          "schema_version": 0,
          "attributes": {
            "carrier_gateway_id": "",
            "destination_cidr_block": "0.0.0.0/0",
            "destination_ipv6_cidr_block": "",
            "destination_prefix_list_id": "",
            "egress_only_gateway_id": "",
            "gateway_id": "igw-0b36e4b018728bbc2",
            "id": "r-rtb-04cdf2a1d61540bb11080289494",
            "instance_id": "",
            "instance_owner_id": "",
            "local_gateway_id": "",
            "nat_gateway_id": "",
            "network_interface_id": "",
            "origin": "CreateRoute",
            "route_table_id": "rtb-04cdf2a1d61540bb1",
            "state": "active",
            "timeouts": null,
            "transit_gateway_id": "",
            "vpc_endpoint_id": "",
            "vpc_peering_connection_id": ""
          },
          "sensitive_attributes": [],
          "private": "eyJlMmJmYjczMC1lY2FhLTExZTYtOGY4OC0zNDM2M2JjN2M0YzAiOnsiY3JlYXRlIjozMDAwMDAwMDAwMDAsImRlbGV0ZSI6MzAwMDAwMDAwMDAwLCJ1cGRhdGUiOjEyMDAwMDAwMDAwMH19",
          "dependencies": [
            "aws_internet_gateway.o4bproject-igw",
            "aws_route_table.public-route-table",
            "aws_vpc.o4bproject"
          ]
        }
      ]
    },
    {
      "mode": "managed",
      "type": "aws_route_table",
      "name": "private-route-table",
      "provider": "provider[\"registry.terraform.io/hashicorp/aws\"]",
      "instances": [
        {
          "schema_version": 0,
          "attributes": {
            "arn": "arn:aws:ec2:eu-west-1:410587888893:route-table/rtb-07df900256b54acaf",
            "id": "rtb-07df900256b54acaf",
            "owner_id": "410587888893",
            "propagating_vgws": [],
            "route": [],
            "tags": {
              "Environment": "dev",
              "Name": "AmpDevO4b-private-route-table"
            },
            "tags_all": {
              "Environment": "dev",
              "Name": "AmpDevO4b-private-route-table"
            },
            "timeouts": null,
            "vpc_id": "vpc-09637901bbd6f2946"
          },
          "sensitive_attributes": [],
          "private": "eyJlMmJmYjczMC1lY2FhLTExZTYtOGY4OC0zNDM2M2JjN2M0YzAiOnsiY3JlYXRlIjozMDAwMDAwMDAwMDAsImRlbGV0ZSI6MzAwMDAwMDAwMDAwLCJ1cGRhdGUiOjEyMDAwMDAwMDAwMH19",
          "dependencies": [
            "aws_vpc.o4bproject"
          ]
        }
      ]
    },
    {
      "mode": "managed",
      "type": "aws_route_table",
      "name": "public-route-table",
      "provider": "provider[\"registry.terraform.io/hashicorp/aws\"]",
      "instances": [
        {
          "schema_version": 0,
          "attributes": {
            "arn": "arn:aws:ec2:eu-west-1:410587888893:route-table/rtb-04cdf2a1d61540bb1",
            "id": "rtb-04cdf2a1d61540bb1",
            "owner_id": "410587888893",
            "propagating_vgws": [],
            "route": [
              {
                "carrier_gateway_id": "",
                "cidr_block": "0.0.0.0/0",
                "destination_prefix_list_id": "",
                "egress_only_gateway_id": "",
                "gateway_id": "igw-0b36e4b018728bbc2",
                "instance_id": "",
                "ipv6_cidr_block": "",
                "local_gateway_id": "",
                "nat_gateway_id": "",
                "network_interface_id": "",
                "transit_gateway_id": "",
                "vpc_endpoint_id": "",
                "vpc_peering_connection_id": ""
              }
            ],
            "tags": {
              "Environment": "dev",
              "Name": "AmpDevO4b-public-route-table"
            },
            "tags_all": {
              "Environment": "dev",
              "Name": "AmpDevO4b-public-route-table"
            },
            "timeouts": null,
            "vpc_id": "vpc-09637901bbd6f2946"
          },
          "sensitive_attributes": [],
          "private": "eyJlMmJmYjczMC1lY2FhLTExZTYtOGY4OC0zNDM2M2JjN2M0YzAiOnsiY3JlYXRlIjozMDAwMDAwMDAwMDAsImRlbGV0ZSI6MzAwMDAwMDAwMDAwLCJ1cGRhdGUiOjEyMDAwMDAwMDAwMH19",
          "dependencies": [
            "aws_vpc.o4bproject"
          ]
        }
      ]
    },
    {
      "mode": "managed",
      "type": "aws_route_table_association",
      "name": "private-route-association",
      "provider": "provider[\"registry.terraform.io/hashicorp/aws\"]",
      "instances": [
        {
          "index_key": 0,
          "schema_version": 0,
          "attributes": {
            "gateway_id": "",
            "id": "rtbassoc-0bf779ce89741a544",
            "route_table_id": "rtb-07df900256b54acaf",
            "subnet_id": "subnet-0c1fa5d40ceae0ac9"
          },
          "sensitive_attributes": [],
          "private": "bnVsbA==",
          "dependencies": [
            "aws_route_table.private-route-table",
            "aws_subnet.o4bproject-private",
            "aws_vpc.o4bproject"
          ]
        },
        {
          "index_key": 1,
          "schema_version": 0,
          "attributes": {
            "gateway_id": "",
            "id": "rtbassoc-006f9c9cb73e6c34f",
            "route_table_id": "rtb-07df900256b54acaf",
            "subnet_id": "subnet-0fa60287c4c2c1ac6"
          },
          "sensitive_attributes": [],
          "private": "bnVsbA==",
          "dependencies": [
            "aws_route_table.private-route-table",
            "aws_subnet.o4bproject-private",
            "aws_vpc.o4bproject"
          ]
        }
      ]
    },
    {
      "mode": "managed",
      "type": "aws_route_table_association",
      "name": "public-route-association",
      "provider": "provider[\"registry.terraform.io/hashicorp/aws\"]",
      "instances": [
        {
          "index_key": 0,
          "schema_version": 0,
          "attributes": {
            "gateway_id": "",
            "id": "rtbassoc-098d5732330c5cd9e",
            "route_table_id": "rtb-04cdf2a1d61540bb1",
            "subnet_id": "subnet-03f5544ac8342b14a"
          },
          "sensitive_attributes": [],
          "private": "bnVsbA==",
          "dependencies": [
            "aws_route_table.public-route-table",
            "aws_subnet.o4bproject-public",
            "aws_vpc.o4bproject"
          ]
        },
        {
          "index_key": 1,
          "schema_version": 0,
          "attributes": {
            "gateway_id": "",
            "id": "rtbassoc-0045b1baa88e21fbf",
            "route_table_id": "rtb-04cdf2a1d61540bb1",
            "subnet_id": "subnet-0f921ddbd0fe62bb1"
          },
          "sensitive_attributes": [],
          "private": "bnVsbA==",
          "dependencies": [
            "aws_route_table.public-route-table",
            "aws_subnet.o4bproject-public",
            "aws_vpc.o4bproject"
          ]
        }
      ]
    },
    {
      "mode": "managed",
      "type": "aws_s3_bucket",
      "name": "o4bproject_inner_lb_bucket",
      "provider": "provider[\"registry.terraform.io/hashicorp/aws\"]",
      "instances": [
        {
          "schema_version": 0,
          "attributes": {
            "acceleration_status": "",
            "acl": "private",
            "arn": "arn:aws:s3:::o4bproject-inner-lb-bucket",
            "bucket": "o4bproject-inner-lb-bucket",
            "bucket_domain_name": "o4bproject-inner-lb-bucket.s3.amazonaws.com",
            "bucket_prefix": null,
            "bucket_regional_domain_name": "o4bproject-inner-lb-bucket.s3.eu-west-1.amazonaws.com",
            "cors_rule": [],
            "force_destroy": false,
            "grant": [],
            "hosted_zone_id": "Z1BKCTXD74EZPE",
            "id": "o4bproject-inner-lb-bucket",
            "lifecycle_rule": [],
            "logging": [],
            "object_lock_configuration": [],
            "object_lock_enabled": false,
            "policy": null,
            "region": "eu-west-1",
            "replication_configuration": [],
            "request_payer": "BucketOwner",
            "server_side_encryption_configuration": [],
            "tags": {},
            "tags_all": {},
            "versioning": [
              {
                "enabled": false,
                "mfa_delete": false
              }
            ],
            "website": [],
            "website_domain": null,
            "website_endpoint": null
          },
          "sensitive_attributes": [],
          "private": "bnVsbA=="
        }
      ]
    },
    {
      "mode": "managed",
      "type": "aws_s3_bucket",
      "name": "o4bproject_outer_lb_bucket",
      "provider": "provider[\"registry.terraform.io/hashicorp/aws\"]",
      "instances": [
        {
          "schema_version": 0,
          "attributes": {
            "acceleration_status": "",
            "acl": "private",
            "arn": "arn:aws:s3:::o4bproject-outer-lb-bucket",
            "bucket": "o4bproject-outer-lb-bucket",
            "bucket_domain_name": "o4bproject-outer-lb-bucket.s3.amazonaws.com",
            "bucket_prefix": null,
            "bucket_regional_domain_name": "o4bproject-outer-lb-bucket.s3.eu-west-1.amazonaws.com",
            "cors_rule": [],
            "force_destroy": false,
            "grant": [],
            "hosted_zone_id": "Z1BKCTXD74EZPE",
            "id": "o4bproject-outer-lb-bucket",
            "lifecycle_rule": [],
            "logging": [],
            "object_lock_configuration": [],
            "object_lock_enabled": false,
            "policy": null,
            "region": "eu-west-1",
            "replication_configuration": [],
            "request_payer": "BucketOwner",
            "server_side_encryption_configuration": [],
            "tags": {},
            "tags_all": {},
            "versioning": [
              {
                "enabled": false,
                "mfa_delete": false
              }
            ],
            "website": [],
            "website_domain": null,
            "website_endpoint": null
          },
          "sensitive_attributes": [],
          "private": "bnVsbA=="
        }
      ]
    },
    {
      "mode": "managed",
      "type": "aws_s3_bucket_acl",
      "name": "o4bproject_inner_lb_bucket_acl",
      "provider": "provider[\"registry.terraform.io/hashicorp/aws\"]",
      "instances": [
        {
          "schema_version": 0,
          "attributes": {
            "access_control_policy": [
              {
                "grant": [
                  {
                    "grantee": [
                      {
                        "display_name": "sysadmin",
                        "email_address": "",
                        "id": "54fb9bb22ca9acb5686b55f3ac34b2bb37e0f188f609207a916a54829968bbb3",
                        "type": "CanonicalUser",
                        "uri": ""
                      }
                    ],
                    "permission": "FULL_CONTROL"
                  }
                ],
                "owner": [
                  {
                    "display_name": "sysadmin",
                    "id": "54fb9bb22ca9acb5686b55f3ac34b2bb37e0f188f609207a916a54829968bbb3"
                  }
                ]
              }
            ],
            "acl": "private",
            "bucket": "o4bproject-inner-lb-bucket",
            "expected_bucket_owner": "",
            "id": "o4bproject-inner-lb-bucket,private"
          },
          "sensitive_attributes": [],
          "private": "bnVsbA==",
          "dependencies": [
            "aws_s3_bucket.o4bproject_inner_lb_bucket"
          ]
        }
      ]
    },
    {
      "mode": "managed",
      "type": "aws_s3_bucket_acl",
      "name": "o4bproject_inner_lb_log_bucket_acl",
      "provider": "provider[\"registry.terraform.io/hashicorp/aws\"]",
      "instances": []
    },
    {
      "mode": "managed",
      "type": "aws_s3_bucket_acl",
      "name": "o4bproject_outer_lb_bucket_acl",
      "provider": "provider[\"registry.terraform.io/hashicorp/aws\"]",
      "instances": [
        {
          "schema_version": 0,
          "attributes": {
            "access_control_policy": [
              {
                "grant": [
                  {
                    "grantee": [
                      {
                        "display_name": "sysadmin",
                        "email_address": "",
                        "id": "54fb9bb22ca9acb5686b55f3ac34b2bb37e0f188f609207a916a54829968bbb3",
                        "type": "CanonicalUser",
                        "uri": ""
                      }
                    ],
                    "permission": "FULL_CONTROL"
                  }
                ],
                "owner": [
                  {
                    "display_name": "sysadmin",
                    "id": "54fb9bb22ca9acb5686b55f3ac34b2bb37e0f188f609207a916a54829968bbb3"
                  }
                ]
              }
            ],
            "acl": "private",
            "bucket": "o4bproject-outer-lb-bucket",
            "expected_bucket_owner": "",
            "id": "o4bproject-outer-lb-bucket,private"
          },
          "sensitive_attributes": [],
          "private": "bnVsbA==",
          "dependencies": [
            "aws_s3_bucket.o4bproject_outer_lb_bucket"
          ]
        }
      ]
    },
    {
      "mode": "managed",
      "type": "aws_s3_bucket_logging",
      "name": "o4bproject_inner_lb_bucket_logs",
      "provider": "provider[\"registry.terraform.io/hashicorp/aws\"]",
      "instances": [
        {
          "schema_version": 0,
          "attributes": {
            "bucket": "o4bproject-inner-lb-bucket",
            "expected_bucket_owner": "",
            "id": "o4bproject-inner-lb-bucket",
            "target_bucket": "o4bproject-inner-lb-bucket",
            "target_grant": [],
            "target_prefix": "log/"
          },
          "sensitive_attributes": [],
          "private": "bnVsbA==",
          "dependencies": [
            "aws_s3_bucket.o4bproject_inner_lb_bucket"
          ]
        }
      ]
    },
    {
      "mode": "managed",
      "type": "aws_s3_bucket_logging",
      "name": "o4bproject_outer_lb_bucket_logs",
      "provider": "provider[\"registry.terraform.io/hashicorp/aws\"]",
      "instances": [
        {
          "schema_version": 0,
          "attributes": {
            "bucket": "o4bproject-outer-lb-bucket",
            "expected_bucket_owner": "",
            "id": "o4bproject-outer-lb-bucket",
            "target_bucket": "o4bproject-outer-lb-bucket",
            "target_grant": [],
            "target_prefix": "log/"
          },
          "sensitive_attributes": [],
          "private": "bnVsbA==",
          "dependencies": [
            "aws_s3_bucket.o4bproject_outer_lb_bucket"
          ]
        }
      ]
    },
    {
      "mode": "managed",
      "type": "aws_s3_bucket_policy",
      "name": "allow_access_from_inner_lb",
      "provider": "provider[\"registry.terraform.io/hashicorp/aws\"]",
      "instances": [
        {
          "schema_version": 0,
          "attributes": {
            "bucket": "o4bproject-outer-lb-bucket",
            "id": "o4bproject-outer-lb-bucket",
            "policy": "{\"Statement\":[{\"Action\":[\"s3:ListBucket\",\"s3:GetObject\"],\"Effect\":\"Allow\",\"Principal\":{\"AWS\":\"410587888893\"},\"Resource\":[\"arn:aws:s3:::o4bproject-outer-lb-bucket/*\",\"arn:aws:s3:::o4bproject-outer-lb-bucket\"],\"Sid\":\"\"}],\"Version\":\"2012-10-17\"}"
          },
          "sensitive_attributes": [],
          "private": "bnVsbA==",
          "dependencies": [
            "aws_s3_bucket.o4bproject_outer_lb_bucket",
            "data.aws_iam_policy_document.allow_access_from_outer_lb"
          ]
        }
      ]
    },
    {
      "mode": "managed",
      "type": "aws_s3_bucket_policy",
      "name": "allow_access_from_outer_lb",
      "provider": "provider[\"registry.terraform.io/hashicorp/aws\"]",
      "instances": [
        {
          "schema_version": 0,
          "attributes": {
            "bucket": "o4bproject-outer-lb-bucket",
            "id": "o4bproject-outer-lb-bucket",
            "policy": "{\"Statement\":[{\"Action\":[\"s3:ListBucket\",\"s3:GetObject\"],\"Effect\":\"Allow\",\"Principal\":{\"AWS\":\"410587888893\"},\"Resource\":[\"arn:aws:s3:::o4bproject-outer-lb-bucket/*\",\"arn:aws:s3:::o4bproject-outer-lb-bucket\"],\"Sid\":\"\"}],\"Version\":\"2012-10-17\"}"
          },
          "sensitive_attributes": [],
          "private": "bnVsbA==",
          "dependencies": [
            "aws_s3_bucket.o4bproject_outer_lb_bucket",
            "data.aws_iam_policy_document.allow_access_from_outer_lb"
          ]
        }
      ]
    },
    {
      "mode": "managed",
      "type": "aws_security_group",
      "name": "o4bproject_dev_ec2_private_sg",
      "provider": "provider[\"registry.terraform.io/hashicorp/aws\"]",
      "instances": [
        {
          "schema_version": 1,
          "attributes": {
            "arn": "arn:aws:ec2:eu-west-1:410587888893:security-group/sg-0f295e5b8372e6047",
            "description": "Only allow publis SG resources to access these instances",
            "egress": [
              {
                "cidr_blocks": [
                  "0.0.0.0/0"
                ],
                "description": "",
                "from_port": 0,
                "ipv6_cidr_blocks": [],
                "prefix_list_ids": [],
                "protocol": "-1",
                "security_groups": [],
                "self": false,
                "to_port": 0
              }
            ],
            "id": "sg-0f295e5b8372e6047",
            "ingress": [
              {
                "cidr_blocks": [
                  "0.0.0.0/0"
                ],
                "description": "Allow health checking for instances using this SG",
                "from_port": 80,
                "ipv6_cidr_blocks": [],
                "prefix_list_ids": [],
                "protocol": "tcp",
                "security_groups": [],
                "self": false,
                "to_port": 80
              },
              {
                "cidr_blocks": [],
                "description": "",
                "from_port": 0,
                "ipv6_cidr_blocks": [],
                "prefix_list_ids": [],
                "protocol": "-1",
                "security_groups": [
                  "sg-0027127de01809d1c"
                ],
                "self": false,
                "to_port": 0
              }
            ],
            "name": "o4bproject-dev-ec2-private-sg",
            "name_prefix": "",
            "owner_id": "410587888893",
            "revoke_rules_on_delete": false,
            "tags": {
              "Environment": "dev",
              "Name": "o4bproject-dev-ec2-private-sg"
            },
            "tags_all": {
              "Environment": "dev",
              "Name": "o4bproject-dev-ec2-private-sg"
            },
            "timeouts": null,
            "vpc_id": "vpc-09637901bbd6f2946"
          },
          "sensitive_attributes": [],
          "private": "eyJlMmJmYjczMC1lY2FhLTExZTYtOGY4OC0zNDM2M2JjN2M0YzAiOnsiY3JlYXRlIjo2MDAwMDAwMDAwMDAsImRlbGV0ZSI6OTAwMDAwMDAwMDAwfSwic2NoZW1hX3ZlcnNpb24iOiIxIn0=",
          "dependencies": [
            "aws_security_group.o4bproject_dev_ec2_public_sg",
            "aws_vpc.o4bproject"
          ],
          "create_before_destroy": true
        }
      ]
    },
    {
      "mode": "managed",
      "type": "aws_security_group",
      "name": "o4bproject_dev_ec2_public_sg",
      "provider": "provider[\"registry.terraform.io/hashicorp/aws\"]",
      "instances": [
        {
          "schema_version": 1,
          "attributes": {
            "arn": "arn:aws:ec2:eu-west-1:410587888893:security-group/sg-0027127de01809d1c",
            "description": "security group for Internet facing EC2 instances",
            "egress": [
              {
                "cidr_blocks": [
                  "0.0.0.0/0"
                ],
                "description": "",
                "from_port": 0,
                "ipv6_cidr_blocks": [],
                "prefix_list_ids": [],
                "protocol": "-1",
                "security_groups": [],
                "self": false,
                "to_port": 0
              }
            ],
            "id": "sg-0027127de01809d1c",
            "ingress": [
              {
                "cidr_blocks": [
                  "3.11.244.82/32",
                  "5.148.137.82/32"
                ],
                "description": "",
                "from_port": 22,
                "ipv6_cidr_blocks": [],
                "prefix_list_ids": [],
                "protocol": "tcp",
                "security_groups": [],
                "self": false,
                "to_port": 22
              },
              {
                "cidr_blocks": [
                  "3.11.244.82/32",
                  "5.148.137.82/32"
                ],
                "description": "",
                "from_port": 443,
                "ipv6_cidr_blocks": [],
                "prefix_list_ids": [],
                "protocol": "tcp",
                "security_groups": [],
                "self": false,
                "to_port": 443
              },
              {
                "cidr_blocks": [
                  "3.11.244.82/32",
                  "5.148.137.82/32"
                ],
                "description": "",
                "from_port": 80,
                "ipv6_cidr_blocks": [],
                "prefix_list_ids": [],
                "protocol": "tcp",
                "security_groups": [],
                "self": false,
                "to_port": 80
              }
            ],
            "name": "o4bproject-dev-ec2-public-sg",
            "name_prefix": "",
            "owner_id": "410587888893",
            "revoke_rules_on_delete": false,
            "tags": {
              "Environment": "dev",
              "Name": "o4bproject-dev-ec2-public-sg"
            },
            "tags_all": {
              "Environment": "dev",
              "Name": "o4bproject-dev-ec2-public-sg"
            },
            "timeouts": null,
            "vpc_id": "vpc-09637901bbd6f2946"
          },
          "sensitive_attributes": [],
          "private": "eyJlMmJmYjczMC1lY2FhLTExZTYtOGY4OC0zNDM2M2JjN2M0YzAiOnsiY3JlYXRlIjo2MDAwMDAwMDAwMDAsImRlbGV0ZSI6OTAwMDAwMDAwMDAwfSwic2NoZW1hX3ZlcnNpb24iOiIxIn0=",
          "dependencies": [
            "aws_vpc.o4bproject"
          ],
          "create_before_destroy": true
        }
      ]
    },
    {
      "mode": "managed",
      "type": "aws_security_group",
      "name": "o4bproject_efs_sg",
      "provider": "provider[\"registry.terraform.io/hashicorp/aws\"]",
      "instances": [
        {
          "schema_version": 1,
          "attributes": {
            "arn": "arn:aws:ec2:eu-west-1:410587888893:security-group/sg-0eafed1506eaf4ef9",
            "description": "Security group rules for o4bproject-EFS",
            "egress": [
              {
                "cidr_blocks": [],
                "description": "Allow all outbound traffic to EC2 port from EFS",
                "from_port": 0,
                "ipv6_cidr_blocks": [],
                "prefix_list_ids": [],
                "protocol": "-1",
                "security_groups": [
                  "sg-0f295e5b8372e6047"
                ],
                "self": false,
                "to_port": 0
              }
            ],
            "id": "sg-0eafed1506eaf4ef9",
            "ingress": [
              {
                "cidr_blocks": [],
                "description": "Allow all inbound traffic to EFS port from EC2",
                "from_port": 0,
                "ipv6_cidr_blocks": [],
                "prefix_list_ids": [],
                "protocol": "-1",
                "security_groups": [
                  "sg-0f295e5b8372e6047"
                ],
                "self": false,
                "to_port": 0
              }
            ],
            "name": "o4bproject-efs-sg",
            "name_prefix": "",
            "owner_id": "410587888893",
            "revoke_rules_on_delete": false,
            "tags": {
              "Environment": "dev",
              "Name": "o4bproject-efs-sg"
            },
            "tags_all": {
              "Environment": "dev",
              "Name": "o4bproject-efs-sg"
            },
            "timeouts": null,
            "vpc_id": "vpc-09637901bbd6f2946"
          },
          "sensitive_attributes": [],
          "private": "eyJlMmJmYjczMC1lY2FhLTExZTYtOGY4OC0zNDM2M2JjN2M0YzAiOnsiY3JlYXRlIjo2MDAwMDAwMDAwMDAsImRlbGV0ZSI6OTAwMDAwMDAwMDAwfSwic2NoZW1hX3ZlcnNpb24iOiIxIn0=",
          "dependencies": [
            "aws_security_group.o4bproject_dev_ec2_private_sg",
            "aws_security_group.o4bproject_dev_ec2_public_sg",
            "aws_vpc.o4bproject"
          ]
        }
      ]
    },
    {
      "mode": "managed",
      "type": "aws_security_group",
      "name": "o4bproject_elk_sg",
      "provider": "provider[\"registry.terraform.io/hashicorp/aws\"]",
      "instances": [
        {
          "schema_version": 1,
          "attributes": {
            "arn": "arn:aws:ec2:eu-west-1:410587888893:security-group/sg-0a643594ae5c976f3",
            "description": "Security group rules for o4bproject-ELK",
            "egress": [
              {
                "cidr_blocks": [],
                "description": "Allow all outbound traffic to EC2 port from ELK",
                "from_port": 0,
                "ipv6_cidr_blocks": [],
                "prefix_list_ids": [],
                "protocol": "-1",
                "security_groups": [
                  "sg-0f295e5b8372e6047"
                ],
                "self": false,
                "to_port": 0
              }
            ],
            "id": "sg-0a643594ae5c976f3",
            "ingress": [
              {
                "cidr_blocks": [],
                "description": "Allow all inbound traffic to ELK port from EC2",
                "from_port": 0,
                "ipv6_cidr_blocks": [],
                "prefix_list_ids": [],
                "protocol": "-1",
                "security_groups": [
                  "sg-0f295e5b8372e6047"
                ],
                "self": false,
                "to_port": 0
              }
            ],
            "name": "o4bproject-elk-sg",
            "name_prefix": "",
            "owner_id": "410587888893",
            "revoke_rules_on_delete": false,
            "tags": {
              "Environment": "dev",
              "Name": "o4bproject-elk-sg"
            },
            "tags_all": {
              "Environment": "dev",
              "Name": "o4bproject-elk-sg"
            },
            "timeouts": null,
            "vpc_id": "vpc-09637901bbd6f2946"
          },
          "sensitive_attributes": [],
          "private": "eyJlMmJmYjczMC1lY2FhLTExZTYtOGY4OC0zNDM2M2JjN2M0YzAiOnsiY3JlYXRlIjo2MDAwMDAwMDAwMDAsImRlbGV0ZSI6OTAwMDAwMDAwMDAwfSwic2NoZW1hX3ZlcnNpb24iOiIxIn0=",
          "dependencies": [
            "aws_security_group.o4bproject_dev_ec2_private_sg",
            "aws_security_group.o4bproject_dev_ec2_public_sg",
            "aws_vpc.o4bproject"
          ]
        }
      ]
    },
    {
      "mode": "managed",
      "type": "aws_security_group",
      "name": "o4bproject_inner_alb",
      "provider": "provider[\"registry.terraform.io/hashicorp/aws\"]",
      "instances": [
        {
          "schema_version": 1,
          "attributes": {
            "arn": "arn:aws:ec2:eu-west-1:410587888893:security-group/sg-072ebbb65c35274bf",
            "description": "Security group for inner alb",
            "egress": [
              {
                "cidr_blocks": [],
                "description": "Allow outbound traffic to instances on the load balancer listener port",
                "from_port": 80,
                "ipv6_cidr_blocks": [],
                "prefix_list_ids": [],
                "protocol": "tcp",
                "security_groups": [
                  "sg-0f295e5b8372e6047"
                ],
                "self": false,
                "to_port": 80
              }
            ],
            "id": "sg-072ebbb65c35274bf",
            "ingress": [
              {
                "cidr_blocks": [
                  "0.0.0.0/0"
                ],
                "description": "Allow all inbound traffic on the load balancer http listener port",
                "from_port": 80,
                "ipv6_cidr_blocks": [],
                "prefix_list_ids": [],
                "protocol": "tcp",
                "security_groups": [],
                "self": false,
                "to_port": 80
              }
            ],
            "name": "o4bprocject-inner-alb-sg",
            "name_prefix": "",
            "owner_id": "410587888893",
            "revoke_rules_on_delete": false,
            "tags": {
              "Environment": "dev",
              "Name": "o4bproject-inner-alb-sg"
            },
            "tags_all": {
              "Environment": "dev",
              "Name": "o4bproject-inner-alb-sg"
            },
            "timeouts": null,
            "vpc_id": "vpc-09637901bbd6f2946"
          },
          "sensitive_attributes": [],
          "private": "eyJlMmJmYjczMC1lY2FhLTExZTYtOGY4OC0zNDM2M2JjN2M0YzAiOnsiY3JlYXRlIjo2MDAwMDAwMDAwMDAsImRlbGV0ZSI6OTAwMDAwMDAwMDAwfSwic2NoZW1hX3ZlcnNpb24iOiIxIn0=",
          "dependencies": [
            "aws_security_group.o4bproject_dev_ec2_private_sg",
            "aws_security_group.o4bproject_dev_ec2_public_sg",
            "aws_vpc.o4bproject"
          ],
          "create_before_destroy": true
        }
      ]
    },
    {
      "mode": "managed",
      "type": "aws_security_group",
      "name": "o4bproject_outer_alb",
      "provider": "provider[\"registry.terraform.io/hashicorp/aws\"]",
      "instances": [
        {
          "schema_version": 1,
          "attributes": {
            "arn": "arn:aws:ec2:eu-west-1:410587888893:security-group/sg-016df23d4d32c0647",
            "description": "Security group for outer alb",
            "egress": [
              {
                "cidr_blocks": [],
                "description": "Allow all outbound traffic to instances on the load balancer listener port",
                "from_port": 80,
                "ipv6_cidr_blocks": [],
                "prefix_list_ids": [],
                "protocol": "tcp",
                "security_groups": [
                  "sg-0027127de01809d1c"
                ],
                "self": false,
                "to_port": 80
              }
            ],
            "id": "sg-016df23d4d32c0647",
            "ingress": [
              {
                "cidr_blocks": [
                  "3.11.244.82/32",
                  "5.148.137.82/32"
                ],
                "description": "Allow inbound traffic from these IPs on the load balancer http listener port",
                "from_port": 80,
                "ipv6_cidr_blocks": [],
                "prefix_list_ids": [],
                "protocol": "tcp",
                "security_groups": [],
                "self": false,
                "to_port": 80
              },
              {
                "cidr_blocks": [
                  "3.11.244.82/32",
                  "5.148.137.82/32"
                ],
                "description": "Allow inbound traffic from these IPs on the load balancer https listener port",
                "from_port": 443,
                "ipv6_cidr_blocks": [],
                "prefix_list_ids": [],
                "protocol": "tcp",
                "security_groups": [],
                "self": false,
                "to_port": 443
              }
            ],
            "name": "o4bproject-outer-alb-sg",
            "name_prefix": "",
            "owner_id": "410587888893",
            "revoke_rules_on_delete": false,
            "tags": {
              "Environment": "dev",
              "Name": "o4bprocject-outer-alb-sg"
            },
            "tags_all": {
              "Environment": "dev",
              "Name": "o4bprocject-outer-alb-sg"
            },
            "timeouts": null,
            "vpc_id": "vpc-09637901bbd6f2946"
          },
          "sensitive_attributes": [],
          "private": "eyJlMmJmYjczMC1lY2FhLTExZTYtOGY4OC0zNDM2M2JjN2M0YzAiOnsiY3JlYXRlIjo2MDAwMDAwMDAwMDAsImRlbGV0ZSI6OTAwMDAwMDAwMDAwfSwic2NoZW1hX3ZlcnNpb24iOiIxIn0=",
          "dependencies": [
            "aws_security_group.o4bproject_dev_ec2_public_sg",
            "aws_vpc.o4bproject"
          ]
        }
      ]
    },
    {
      "mode": "managed",
      "type": "aws_security_group",
      "name": "o4bproject_rds_sg",
      "provider": "provider[\"registry.terraform.io/hashicorp/aws\"]",
      "instances": [
        {
          "schema_version": 1,
          "attributes": {
            "arn": "arn:aws:ec2:eu-west-1:410587888893:security-group/sg-0493da7a72596703a",
            "description": "Security group rule for o4bproject-rds",
            "egress": [],
            "id": "sg-0493da7a72596703a",
            "ingress": [
              {
                "cidr_blocks": [],
                "description": "Allow all inbound traffic to MySQL port from EC2",
                "from_port": 3306,
                "ipv6_cidr_blocks": [],
                "prefix_list_ids": [],
                "protocol": "tcp",
                "security_groups": [
                  "sg-0f295e5b8372e6047"
                ],
                "self": false,
                "to_port": 3306
              }
            ],
            "name": "o4bproject-rds-sg",
            "name_prefix": "",
            "owner_id": "410587888893",
            "revoke_rules_on_delete": false,
            "tags": {
              "Environment": "dev",
              "Name": "o4bproject-rds-sg"
            },
            "tags_all": {
              "Environment": "dev",
              "Name": "o4bproject-rds-sg"
            },
            "timeouts": null,
            "vpc_id": "vpc-09637901bbd6f2946"
          },
          "sensitive_attributes": [],
          "private": "eyJlMmJmYjczMC1lY2FhLTExZTYtOGY4OC0zNDM2M2JjN2M0YzAiOnsiY3JlYXRlIjo2MDAwMDAwMDAwMDAsImRlbGV0ZSI6OTAwMDAwMDAwMDAwfSwic2NoZW1hX3ZlcnNpb24iOiIxIn0=",
          "dependencies": [
            "aws_security_group.o4bproject_dev_ec2_private_sg",
            "aws_security_group.o4bproject_dev_ec2_public_sg",
            "aws_vpc.o4bproject"
          ]
        }
      ]
    },
    {
      "mode": "managed",
      "type": "aws_security_group",
      "name": "o4bproject_redis_sg",
      "provider": "provider[\"registry.terraform.io/hashicorp/aws\"]",
      "instances": [
        {
          "schema_version": 1,
          "attributes": {
            "arn": "arn:aws:ec2:eu-west-1:410587888893:security-group/sg-0f2e2d1690145ac5b",
            "description": "Security group rules for redis cluster",
            "egress": [
              {
                "cidr_blocks": [],
                "description": "Allow all outbound traffic to EC2 port from Redis cluster",
                "from_port": 0,
                "ipv6_cidr_blocks": [],
                "prefix_list_ids": [],
                "protocol": "-1",
                "security_groups": [
                  "sg-0f295e5b8372e6047"
                ],
                "self": false,
                "to_port": 0
              }
            ],
            "id": "sg-0f2e2d1690145ac5b",
            "ingress": [
              {
                "cidr_blocks": [],
                "description": "Allow all inbound traffic to redis port from EC2",
                "from_port": 6379,
                "ipv6_cidr_blocks": [],
                "prefix_list_ids": [],
                "protocol": "tcp",
                "security_groups": [
                  "sg-0f295e5b8372e6047"
                ],
                "self": false,
                "to_port": 6379
              }
            ],
            "name": "o4bproject-redis-sg",
            "name_prefix": "",
            "owner_id": "410587888893",
            "revoke_rules_on_delete": false,
            "tags": {
              "Environment": "dev",
              "Name": "o4bproject-redis-sg"
            },
            "tags_all": {
              "Environment": "dev",
              "Name": "o4bproject-redis-sg"
            },
            "timeouts": null,
            "vpc_id": "vpc-09637901bbd6f2946"
          },
          "sensitive_attributes": [],
          "private": "eyJlMmJmYjczMC1lY2FhLTExZTYtOGY4OC0zNDM2M2JjN2M0YzAiOnsiY3JlYXRlIjo2MDAwMDAwMDAwMDAsImRlbGV0ZSI6OTAwMDAwMDAwMDAwfSwic2NoZW1hX3ZlcnNpb24iOiIxIn0=",
          "dependencies": [
            "aws_security_group.o4bproject_dev_ec2_private_sg",
            "aws_security_group.o4bproject_dev_ec2_public_sg",
            "aws_vpc.o4bproject"
          ]
        }
      ]
    },
    {
      "mode": "managed",
      "type": "aws_security_group_rule",
      "name": "o4bprocject_ec2_mysql_out",
      "provider": "provider[\"registry.terraform.io/hashicorp/aws\"]",
      "instances": [
        {
          "schema_version": 2,
          "attributes": {
            "cidr_blocks": null,
            "description": "Allow outbound traffic on the instance Mysql port",
            "from_port": 3306,
            "id": "sgrule-624004819",
            "ipv6_cidr_blocks": null,
            "prefix_list_ids": null,
            "protocol": "tcp",
            "security_group_id": "sg-0f295e5b8372e6047",
            "self": false,
            "source_security_group_id": "sg-0493da7a72596703a",
            "to_port": 3306,
            "type": "egress"
          },
          "sensitive_attributes": [],
          "private": "eyJzY2hlbWFfdmVyc2lvbiI6IjIifQ==",
          "dependencies": [
            "aws_security_group.o4bproject_dev_ec2_private_sg",
            "aws_security_group.o4bproject_rds_sg"
          ]
        }
      ]
    },
    {
      "mode": "managed",
      "type": "aws_security_group_rule",
      "name": "o4bproject_ec2_http_in_ec2",
      "provider": "provider[\"registry.terraform.io/hashicorp/aws\"]",
      "instances": [
        {
          "schema_version": 2,
          "attributes": {
            "cidr_blocks": null,
            "description": "Allow all inbound traffic from ec2 on http port",
            "from_port": 80,
            "id": "sgrule-562597199",
            "ipv6_cidr_blocks": null,
            "prefix_list_ids": null,
            "protocol": "tcp",
            "security_group_id": "sg-0f295e5b8372e6047",
            "self": false,
            "source_security_group_id": "sg-0027127de01809d1c",
            "to_port": 80,
            "type": "ingress"
          },
          "sensitive_attributes": [],
          "private": "eyJzY2hlbWFfdmVyc2lvbiI6IjIifQ==",
          "dependencies": [
            "aws_security_group.o4bproject_dev_ec2_private_sg",
            "aws_security_group.o4bproject_dev_ec2_public_sg"
          ]
        }
      ]
    },
    {
      "mode": "managed",
      "type": "aws_security_group_rule",
      "name": "o4bproject_ec2_http_inner",
      "provider": "provider[\"registry.terraform.io/hashicorp/aws\"]",
      "instances": [
        {
          "schema_version": 2,
          "attributes": {
            "cidr_blocks": null,
            "description": "Allow all inbound traffic from the load balancer on http port",
            "from_port": 80,
            "id": "sgrule-651063046",
            "ipv6_cidr_blocks": null,
            "prefix_list_ids": null,
            "protocol": "tcp",
            "security_group_id": "sg-0f295e5b8372e6047",
            "self": false,
            "source_security_group_id": "sg-072ebbb65c35274bf",
            "to_port": 80,
            "type": "ingress"
          },
          "sensitive_attributes": [],
          "private": "eyJzY2hlbWFfdmVyc2lvbiI6IjIifQ==",
          "dependencies": [
            "aws_security_group.o4bproject_dev_ec2_private_sg",
            "aws_security_group.o4bproject_inner_alb"
          ]
        }
      ]
    },
    {
      "mode": "managed",
      "type": "aws_security_group_rule",
      "name": "o4bproject_ec2_http_out",
      "provider": "provider[\"registry.terraform.io/hashicorp/aws\"]",
      "instances": [
        {
          "schema_version": 2,
          "attributes": {
            "cidr_blocks": [
              "0.0.0.0/0"
            ],
            "description": "Allow outbound traffic on the instance http port",
            "from_port": 80,
            "id": "sgrule-809102153",
            "ipv6_cidr_blocks": null,
            "prefix_list_ids": null,
            "protocol": "tcp",
            "security_group_id": "sg-0027127de01809d1c",
            "self": false,
            "source_security_group_id": null,
            "to_port": 80,
            "type": "egress"
          },
          "sensitive_attributes": [],
          "private": "eyJzY2hlbWFfdmVyc2lvbiI6IjIifQ==",
          "dependencies": [
            "aws_security_group.o4bproject_dev_ec2_public_sg"
          ]
        }
      ]
    },
    {
      "mode": "managed",
      "type": "aws_security_group_rule",
      "name": "o4bproject_ec2_http_outer",
      "provider": "provider[\"registry.terraform.io/hashicorp/aws\"]",
      "instances": [
        {
          "schema_version": 2,
          "attributes": {
            "cidr_blocks": null,
            "description": "Allow all inbound traffic from the load balancer on http port",
            "from_port": 80,
            "id": "sgrule-336705990",
            "ipv6_cidr_blocks": null,
            "prefix_list_ids": null,
            "protocol": "tcp",
            "security_group_id": "sg-0f295e5b8372e6047",
            "self": false,
            "source_security_group_id": "sg-016df23d4d32c0647",
            "to_port": 80,
            "type": "ingress"
          },
          "sensitive_attributes": [],
          "private": "eyJzY2hlbWFfdmVyc2lvbiI6IjIifQ==",
          "dependencies": [
            "aws_security_group.o4bproject_dev_ec2_private_sg",
            "aws_security_group.o4bproject_outer_alb"
          ]
        }
      ]
    },
    {
      "mode": "managed",
      "type": "aws_security_group_rule",
      "name": "o4bproject_ec2_https_out",
      "provider": "provider[\"registry.terraform.io/hashicorp/aws\"]",
      "instances": [
        {
          "schema_version": 2,
          "attributes": {
            "cidr_blocks": [
              "0.0.0.0/0"
            ],
            "description": "Allow outbound traffic on the instance https port",
            "from_port": 443,
            "id": "sgrule-4010109112",
            "ipv6_cidr_blocks": null,
            "prefix_list_ids": null,
            "protocol": "tcp",
            "security_group_id": "sg-0027127de01809d1c",
            "self": false,
            "source_security_group_id": null,
            "to_port": 443,
            "type": "egress"
          },
          "sensitive_attributes": [],
          "private": "eyJzY2hlbWFfdmVyc2lvbiI6IjIifQ==",
          "dependencies": [
            "aws_security_group.o4bproject_dev_ec2_public_sg"
          ]
        }
      ]
    },
    {
      "mode": "managed",
      "type": "aws_subnet",
      "name": "o4bproject-private",
      "provider": "provider[\"registry.terraform.io/hashicorp/aws\"]",
      "instances": [
        {
          "index_key": 0,
          "schema_version": 1,
          "attributes": {
            "arn": "arn:aws:ec2:eu-west-1:410587888893:subnet/subnet-0c1fa5d40ceae0ac9",
            "assign_ipv6_address_on_creation": false,
            "availability_zone": "eu-west-1a",
            "availability_zone_id": "euw1-az2",
            "cidr_block": "10.0.3.0/24",
            "customer_owned_ipv4_pool": "",
            "enable_dns64": false,
            "enable_resource_name_dns_a_record_on_launch": false,
            "enable_resource_name_dns_aaaa_record_on_launch": false,
            "id": "subnet-0c1fa5d40ceae0ac9",
            "ipv6_cidr_block": "",
            "ipv6_cidr_block_association_id": "",
            "ipv6_native": false,
            "map_customer_owned_ip_on_launch": false,
            "map_public_ip_on_launch": false,
            "outpost_arn": "",
            "owner_id": "410587888893",
            "private_dns_hostname_type_on_launch": "ip-name",
            "tags": {
              "Environment": "dev",
              "Name": "AmpDevO4b-private-subnet-0"
            },
            "tags_all": {
              "Environment": "dev",
              "Name": "AmpDevO4b-private-subnet-0"
            },
            "timeouts": null,
            "vpc_id": "vpc-09637901bbd6f2946"
          },
          "sensitive_attributes": [],
          "private": "eyJlMmJmYjczMC1lY2FhLTExZTYtOGY4OC0zNDM2M2JjN2M0YzAiOnsiY3JlYXRlIjo2MDAwMDAwMDAwMDAsImRlbGV0ZSI6MTIwMDAwMDAwMDAwMH0sInNjaGVtYV92ZXJzaW9uIjoiMSJ9",
          "dependencies": [
            "aws_vpc.o4bproject"
          ],
          "create_before_destroy": true
        },
        {
          "index_key": 1,
          "schema_version": 1,
          "attributes": {
            "arn": "arn:aws:ec2:eu-west-1:410587888893:subnet/subnet-0fa60287c4c2c1ac6",
            "assign_ipv6_address_on_creation": false,
            "availability_zone": "eu-west-1b",
            "availability_zone_id": "euw1-az3",
            "cidr_block": "10.0.4.0/24",
            "customer_owned_ipv4_pool": "",
            "enable_dns64": false,
            "enable_resource_name_dns_a_record_on_launch": false,
            "enable_resource_name_dns_aaaa_record_on_launch": false,
            "id": "subnet-0fa60287c4c2c1ac6",
            "ipv6_cidr_block": "",
            "ipv6_cidr_block_association_id": "",
            "ipv6_native": false,
            "map_customer_owned_ip_on_launch": false,
            "map_public_ip_on_launch": false,
            "outpost_arn": "",
            "owner_id": "410587888893",
            "private_dns_hostname_type_on_launch": "ip-name",
            "tags": {
              "Environment": "dev",
              "Name": "AmpDevO4b-private-subnet-1"
            },
            "tags_all": {
              "Environment": "dev",
              "Name": "AmpDevO4b-private-subnet-1"
            },
            "timeouts": null,
            "vpc_id": "vpc-09637901bbd6f2946"
          },
          "sensitive_attributes": [],
          "private": "eyJlMmJmYjczMC1lY2FhLTExZTYtOGY4OC0zNDM2M2JjN2M0YzAiOnsiY3JlYXRlIjo2MDAwMDAwMDAwMDAsImRlbGV0ZSI6MTIwMDAwMDAwMDAwMH0sInNjaGVtYV92ZXJzaW9uIjoiMSJ9",
          "dependencies": [
            "aws_vpc.o4bproject"
          ],
          "create_before_destroy": true
        }
      ]
    },
    {
      "mode": "managed",
      "type": "aws_subnet",
      "name": "o4bproject-public",
      "provider": "provider[\"registry.terraform.io/hashicorp/aws\"]",
      "instances": [
        {
          "index_key": 0,
          "schema_version": 1,
          "attributes": {
            "arn": "arn:aws:ec2:eu-west-1:410587888893:subnet/subnet-03f5544ac8342b14a",
            "assign_ipv6_address_on_creation": false,
            "availability_zone": "eu-west-1a",
            "availability_zone_id": "euw1-az2",
            "cidr_block": "10.0.1.0/24",
            "customer_owned_ipv4_pool": "",
            "enable_dns64": false,
            "enable_resource_name_dns_a_record_on_launch": false,
            "enable_resource_name_dns_aaaa_record_on_launch": false,
            "id": "subnet-03f5544ac8342b14a",
            "ipv6_cidr_block": "",
            "ipv6_cidr_block_association_id": "",
            "ipv6_native": false,
            "map_customer_owned_ip_on_launch": false,
            "map_public_ip_on_launch": false,
            "outpost_arn": "",
            "owner_id": "410587888893",
            "private_dns_hostname_type_on_launch": "ip-name",
            "tags": {
              "Environment": "dev",
              "Name": "AmpDevO4b-public-subnet-0"
            },
            "tags_all": {
              "Environment": "dev",
              "Name": "AmpDevO4b-public-subnet-0"
            },
            "timeouts": null,
            "vpc_id": "vpc-09637901bbd6f2946"
          },
          "sensitive_attributes": [],
          "private": "eyJlMmJmYjczMC1lY2FhLTExZTYtOGY4OC0zNDM2M2JjN2M0YzAiOnsiY3JlYXRlIjo2MDAwMDAwMDAwMDAsImRlbGV0ZSI6MTIwMDAwMDAwMDAwMH0sInNjaGVtYV92ZXJzaW9uIjoiMSJ9",
          "dependencies": [
            "aws_vpc.o4bproject"
          ]
        },
        {
          "index_key": 1,
          "schema_version": 1,
          "attributes": {
            "arn": "arn:aws:ec2:eu-west-1:410587888893:subnet/subnet-0f921ddbd0fe62bb1",
            "assign_ipv6_address_on_creation": false,
            "availability_zone": "eu-west-1b",
            "availability_zone_id": "euw1-az3",
            "cidr_block": "10.0.2.0/24",
            "customer_owned_ipv4_pool": "",
            "enable_dns64": false,
            "enable_resource_name_dns_a_record_on_launch": false,
            "enable_resource_name_dns_aaaa_record_on_launch": false,
            "id": "subnet-0f921ddbd0fe62bb1",
            "ipv6_cidr_block": "",
            "ipv6_cidr_block_association_id": "",
            "ipv6_native": false,
            "map_customer_owned_ip_on_launch": false,
            "map_public_ip_on_launch": false,
            "outpost_arn": "",
            "owner_id": "410587888893",
            "private_dns_hostname_type_on_launch": "ip-name",
            "tags": {
              "Environment": "dev",
              "Name": "AmpDevO4b-public-subnet-1"
            },
            "tags_all": {
              "Environment": "dev",
              "Name": "AmpDevO4b-public-subnet-1"
            },
            "timeouts": null,
            "vpc_id": "vpc-09637901bbd6f2946"
          },
          "sensitive_attributes": [],
          "private": "eyJlMmJmYjczMC1lY2FhLTExZTYtOGY4OC0zNDM2M2JjN2M0YzAiOnsiY3JlYXRlIjo2MDAwMDAwMDAwMDAsImRlbGV0ZSI6MTIwMDAwMDAwMDAwMH0sInNjaGVtYV92ZXJzaW9uIjoiMSJ9",
          "dependencies": [
            "aws_vpc.o4bproject"
          ]
        }
      ]
    },
    {
      "mode": "managed",
      "type": "aws_vpc",
      "name": "o4bproject",
      "provider": "provider[\"registry.terraform.io/hashicorp/aws\"]",
      "instances": [
        {
          "schema_version": 1,
          "attributes": {
            "arn": "arn:aws:ec2:eu-west-1:410587888893:vpc/vpc-09637901bbd6f2946",
            "assign_generated_ipv6_cidr_block": false,
            "cidr_block": "10.0.0.0/16",
            "default_network_acl_id": "acl-0b99ff74bcd8c84b5",
            "default_route_table_id": "rtb-0f73585888ed51af4",
            "default_security_group_id": "sg-03db9ca86528d7c6f",
            "dhcp_options_id": "dopt-3c5e7259",
            "enable_classiclink": false,
            "enable_classiclink_dns_support": false,
            "enable_dns_hostnames": true,
            "enable_dns_support": true,
            "id": "vpc-09637901bbd6f2946",
            "instance_tenancy": "default",
            "ipv4_ipam_pool_id": null,
            "ipv4_netmask_length": null,
            "ipv6_association_id": "",
            "ipv6_cidr_block": "",
            "ipv6_cidr_block_network_border_group": "",
            "ipv6_ipam_pool_id": "",
            "ipv6_netmask_length": 0,
            "main_route_table_id": "rtb-0f73585888ed51af4",
            "owner_id": "410587888893",
            "tags": {
              "Environment": "dev",
              "Name": "AmpDevO4b-vpc"
            },
            "tags_all": {
              "Environment": "dev",
              "Name": "AmpDevO4b-vpc"
            }
          },
          "sensitive_attributes": [],
          "private": "eyJzY2hlbWFfdmVyc2lvbiI6IjEifQ==",
          "create_before_destroy": true
        }
      ]
    }
  ]
}
