{
  "version": 4,
  "terraform_version": "1.1.9",
  "serial": 47,
  "lineage": "6b8d982c-a9cb-4260-788f-5e732b01e4d8",
  "outputs": {},
  "resources": [
    {
      "mode": "managed",
      "type": "aws_eip",
      "name": "o4bproject-eip-nat-gateway",
      "provider": "provider[\"registry.terraform.io/hashicorp/aws\"]",
      "instances": []
    },
    {
      "mode": "managed",
      "type": "aws_nat_gateway",
      "name": "o4bproject-nat-gateway",
      "provider": "provider[\"registry.terraform.io/hashicorp/aws\"]",
      "instances": []
    },
    {
      "mode": "managed",
      "type": "aws_route",
      "name": "o4bproject-nat-gateway-route",
      "provider": "provider[\"registry.terraform.io/hashicorp/aws\"]",
      "instances": []
    },
    {
      "mode": "managed",
      "type": "aws_route",
      "name": "public-internet-gateway-route",
      "provider": "provider[\"registry.terraform.io/hashicorp/aws\"]",
      "instances": []
    },
    {
      "mode": "managed",
      "type": "aws_route_table",
      "name": "private-route-table",
      "provider": "provider[\"registry.terraform.io/hashicorp/aws\"]",
      "instances": [
        {
          "schema_version": 0,
          "attributes": {
            "arn": "arn:aws:ec2:eu-west-1:410587888893:route-table/rtb-0803e036fb1de35f5",
            "id": "rtb-0803e036fb1de35f5",
            "owner_id": "410587888893",
            "propagating_vgws": [],
            "route": [],
            "tags": null,
            "tags_all": {},
            "timeouts": null,
            "vpc_id": "vpc-09a723eb4b5d68d59"
          },
          "sensitive_attributes": [],
          "private": "eyJlMmJmYjczMC1lY2FhLTExZTYtOGY4OC0zNDM2M2JjN2M0YzAiOnsiY3JlYXRlIjozMDAwMDAwMDAwMDAsImRlbGV0ZSI6MzAwMDAwMDAwMDAwLCJ1cGRhdGUiOjEyMDAwMDAwMDAwMH19",
          "dependencies": [
            "aws_vpc.o4bproject"
          ]
        }
      ]
    },
    {
      "mode": "managed",
      "type": "aws_route_table",
      "name": "public-route-table",
      "provider": "provider[\"registry.terraform.io/hashicorp/aws\"]",
      "instances": [
        {
          "schema_version": 0,
          "attributes": {
            "arn": "arn:aws:ec2:eu-west-1:410587888893:route-table/rtb-06be466e167b5aa57",
            "id": "rtb-06be466e167b5aa57",
            "owner_id": "410587888893",
            "propagating_vgws": [],
            "route": [],
            "tags": null,
            "tags_all": {},
            "timeouts": null,
            "vpc_id": "vpc-09a723eb4b5d68d59"
          },
          "sensitive_attributes": [],
          "private": "eyJlMmJmYjczMC1lY2FhLTExZTYtOGY4OC0zNDM2M2JjN2M0YzAiOnsiY3JlYXRlIjozMDAwMDAwMDAwMDAsImRlbGV0ZSI6MzAwMDAwMDAwMDAwLCJ1cGRhdGUiOjEyMDAwMDAwMDAwMH19",
          "dependencies": [
            "aws_vpc.o4bproject"
          ]
        }
      ]
    },
    {
      "mode": "managed",
      "type": "aws_route_table_association",
      "name": "private-route-association",
      "provider": "provider[\"registry.terraform.io/hashicorp/aws\"]",
      "instances": [
        {
          "schema_version": 0,
          "attributes": {
            "gateway_id": "",
            "id": "rtbassoc-0de344746b47c5c85",
            "route_table_id": "rtb-0803e036fb1de35f5",
            "subnet_id": "subnet-0551b643ee230e49e"
          },
          "sensitive_attributes": [],
          "private": "bnVsbA==",
          "dependencies": [
            "aws_route_table.private-route-table",
            "aws_subnet.o4bproject-private",
            "aws_vpc.o4bproject"
          ]
        }
      ]
    },
    {
      "mode": "managed",
      "type": "aws_route_table_association",
      "name": "public-route-association",
      "provider": "provider[\"registry.terraform.io/hashicorp/aws\"]",
      "instances": [
        {
          "schema_version": 0,
          "attributes": {
            "gateway_id": "",
            "id": "rtbassoc-0517868e9cc29115c",
            "route_table_id": "rtb-06be466e167b5aa57",
            "subnet_id": "subnet-0be1ab3ae75984bef"
          },
          "sensitive_attributes": [],
          "private": "bnVsbA==",
          "dependencies": [
            "aws_route_table.public-route-table",
            "aws_subnet.o4bproject-public",
            "aws_vpc.o4bproject"
          ]
        }
      ]
    },
    {
      "mode": "managed",
      "type": "aws_security_group",
      "name": "o4bprocject_inner_alb",
      "provider": "provider[\"registry.terraform.io/hashicorp/aws\"]",
      "instances": [
        {
          "schema_version": 1,
          "attributes": {
            "arn": "arn:aws:ec2:eu-west-1:410587888893:security-group/sg-0ce4434dea3f1c8ef",
            "description": "Security group for inner alb",
            "egress": [
              {
                "cidr_blocks": [],
                "description": "Allow outbound traffic to instances on the load balancer listener port",
                "from_port": 80,
                "ipv6_cidr_blocks": [],
                "prefix_list_ids": [],
                "protocol": "tcp",
                "security_groups": [
                  "sg-09da00b01168af22b"
                ],
                "self": false,
                "to_port": 80
              }
            ],
            "id": "sg-0ce4434dea3f1c8ef",
            "ingress": [
              {
                "cidr_blocks": [
                  "0.0.0.0/0"
                ],
                "description": "Allow all inbound traffic on the load balancer http listener port",
                "from_port": 80,
                "ipv6_cidr_blocks": [],
                "prefix_list_ids": [],
                "protocol": "tcp",
                "security_groups": [],
                "self": false,
                "to_port": 80
              }
            ],
            "name": "o4bprocject-inner-alb-sg",
            "name_prefix": "",
            "owner_id": "410587888893",
            "revoke_rules_on_delete": false,
            "tags": {
              "Environment": "dev",
              "Name": "o4bproject-inner-alb-sg"
            },
            "tags_all": {
              "Environment": "dev",
              "Name": "o4bproject-inner-alb-sg"
            },
            "timeouts": null,
            "vpc_id": "vpc-09a723eb4b5d68d59"
          },
          "sensitive_attributes": [],
          "private": "eyJlMmJmYjczMC1lY2FhLTExZTYtOGY4OC0zNDM2M2JjN2M0YzAiOnsiY3JlYXRlIjo2MDAwMDAwMDAwMDAsImRlbGV0ZSI6OTAwMDAwMDAwMDAwfSwic2NoZW1hX3ZlcnNpb24iOiIxIn0=",
          "dependencies": [
            "aws_security_group.o4bproject_ec2",
            "aws_vpc.o4bproject"
          ]
        }
      ]
    },
    {
      "mode": "managed",
      "type": "aws_security_group",
      "name": "o4bproject_dev_sg",
      "provider": "provider[\"registry.terraform.io/hashicorp/aws\"]",
      "instances": [
        {
          "schema_version": 1,
          "attributes": {
            "arn": "arn:aws:ec2:eu-west-1:410587888893:security-group/sg-000173a67a7e5d70a",
            "description": "security group for the o4bproject development environment",
            "egress": [
              {
                "cidr_blocks": [
                  "0.0.0.0/0"
                ],
                "description": "",
                "from_port": 0,
                "ipv6_cidr_blocks": [],
                "prefix_list_ids": [],
                "protocol": "-1",
                "security_groups": [],
                "self": false,
                "to_port": 0
              }
            ],
            "id": "sg-000173a67a7e5d70a",
            "ingress": [
              {
                "cidr_blocks": [
                  "3.11.244.82/32",
                  "5.148.137.82/32"
                ],
                "description": "",
                "from_port": 0,
                "ipv6_cidr_blocks": [],
                "prefix_list_ids": [],
                "protocol": "-1",
                "security_groups": [],
                "self": false,
                "to_port": 0
              }
            ],
            "name": "o4bproject-dev-sg",
            "name_prefix": "",
            "owner_id": "410587888893",
            "revoke_rules_on_delete": false,
            "tags": {
              "Environment": "dev",
              "Name": "o4bproject-dev-sg"
            },
            "tags_all": {
              "Environment": "dev",
              "Name": "o4bproject-dev-sg"
            },
            "timeouts": null,
            "vpc_id": "vpc-09a723eb4b5d68d59"
          },
          "sensitive_attributes": [],
          "private": "eyJlMmJmYjczMC1lY2FhLTExZTYtOGY4OC0zNDM2M2JjN2M0YzAiOnsiY3JlYXRlIjo2MDAwMDAwMDAwMDAsImRlbGV0ZSI6OTAwMDAwMDAwMDAwfSwic2NoZW1hX3ZlcnNpb24iOiIxIn0=",
          "dependencies": [
            "aws_vpc.o4bproject"
          ]
        }
      ]
    },
    {
      "mode": "managed",
      "type": "aws_security_group",
      "name": "o4bproject_ec2",
      "provider": "provider[\"registry.terraform.io/hashicorp/aws\"]",
      "instances": [
        {
          "schema_version": 1,
          "attributes": {
            "arn": "arn:aws:ec2:eu-west-1:410587888893:security-group/sg-09da00b01168af22b",
            "description": "Security group rules for o4bproject EC2",
            "egress": [],
            "id": "sg-09da00b01168af22b",
            "ingress": [],
            "name": "o4bproject-ec2-sg",
            "name_prefix": "",
            "owner_id": "410587888893",
            "revoke_rules_on_delete": false,
            "tags": {
              "Environment": "dev",
              "Name": "o4bproject-ec2-sg"
            },
            "tags_all": {
              "Environment": "dev",
              "Name": "o4bproject-ec2-sg"
            },
            "timeouts": null,
            "vpc_id": "vpc-09a723eb4b5d68d59"
          },
          "sensitive_attributes": [],
          "private": "eyJlMmJmYjczMC1lY2FhLTExZTYtOGY4OC0zNDM2M2JjN2M0YzAiOnsiY3JlYXRlIjo2MDAwMDAwMDAwMDAsImRlbGV0ZSI6OTAwMDAwMDAwMDAwfSwic2NoZW1hX3ZlcnNpb24iOiIxIn0=",
          "dependencies": [
            "aws_vpc.o4bproject"
          ]
        }
      ]
    },
    {
      "mode": "managed",
      "type": "aws_security_group",
      "name": "o4bproject_efs_sg",
      "provider": "provider[\"registry.terraform.io/hashicorp/aws\"]",
      "instances": [
        {
          "schema_version": 1,
          "attributes": {
            "arn": "arn:aws:ec2:eu-west-1:410587888893:security-group/sg-007ae709e29116051",
            "description": "Security group rules for o4bproject-EFS",
            "egress": [
              {
                "cidr_blocks": [],
                "description": "Allow all outbound traffic to EC2 port from EFS",
                "from_port": 0,
                "ipv6_cidr_blocks": [],
                "prefix_list_ids": [],
                "protocol": "-1",
                "security_groups": [
                  "sg-09da00b01168af22b"
                ],
                "self": false,
                "to_port": 0
              }
            ],
            "id": "sg-007ae709e29116051",
            "ingress": [
              {
                "cidr_blocks": [],
                "description": "Allow all inbound traffic to EFS port from EC2",
                "from_port": 0,
                "ipv6_cidr_blocks": [],
                "prefix_list_ids": [],
                "protocol": "-1",
                "security_groups": [
                  "sg-09da00b01168af22b"
                ],
                "self": false,
                "to_port": 0
              }
            ],
            "name": "o4bproject-efs-sg",
            "name_prefix": "",
            "owner_id": "410587888893",
            "revoke_rules_on_delete": false,
            "tags": {
              "Environment": "dev",
              "Name": "o4bproject-efs-sg"
            },
            "tags_all": {
              "Environment": "dev",
              "Name": "o4bproject-efs-sg"
            },
            "timeouts": null,
            "vpc_id": "vpc-09a723eb4b5d68d59"
          },
          "sensitive_attributes": [],
          "private": "eyJlMmJmYjczMC1lY2FhLTExZTYtOGY4OC0zNDM2M2JjN2M0YzAiOnsiY3JlYXRlIjo2MDAwMDAwMDAwMDAsImRlbGV0ZSI6OTAwMDAwMDAwMDAwfSwic2NoZW1hX3ZlcnNpb24iOiIxIn0=",
          "dependencies": [
            "aws_security_group.o4bproject_ec2",
            "aws_vpc.o4bproject"
          ]
        }
      ]
    },
    {
      "mode": "managed",
      "type": "aws_security_group",
      "name": "o4bproject_elk_sg",
      "provider": "provider[\"registry.terraform.io/hashicorp/aws\"]",
      "instances": [
        {
          "schema_version": 1,
          "attributes": {
            "arn": "arn:aws:ec2:eu-west-1:410587888893:security-group/sg-0f4f546397d6eb3df",
            "description": "Security group rules for o4bproject-ELK",
            "egress": [
              {
                "cidr_blocks": [],
                "description": "Allow all outbound traffic to EC2 port from ELK",
                "from_port": 0,
                "ipv6_cidr_blocks": [],
                "prefix_list_ids": [],
                "protocol": "-1",
                "security_groups": [
                  "sg-09da00b01168af22b"
                ],
                "self": false,
                "to_port": 0
              }
            ],
            "id": "sg-0f4f546397d6eb3df",
            "ingress": [
              {
                "cidr_blocks": [],
                "description": "Allow all inbound traffic to ELK port from EC2",
                "from_port": 0,
                "ipv6_cidr_blocks": [],
                "prefix_list_ids": [],
                "protocol": "-1",
                "security_groups": [
                  "sg-09da00b01168af22b"
                ],
                "self": false,
                "to_port": 0
              }
            ],
            "name": "o4bproject-elk-sg",
            "name_prefix": "",
            "owner_id": "410587888893",
            "revoke_rules_on_delete": false,
            "tags": {
              "Environment": "dev",
              "Name": "o4bproject-elk-sg"
            },
            "tags_all": {
              "Environment": "dev",
              "Name": "o4bproject-elk-sg"
            },
            "timeouts": null,
            "vpc_id": "vpc-09a723eb4b5d68d59"
          },
          "sensitive_attributes": [],
          "private": "eyJlMmJmYjczMC1lY2FhLTExZTYtOGY4OC0zNDM2M2JjN2M0YzAiOnsiY3JlYXRlIjo2MDAwMDAwMDAwMDAsImRlbGV0ZSI6OTAwMDAwMDAwMDAwfSwic2NoZW1hX3ZlcnNpb24iOiIxIn0=",
          "dependencies": [
            "aws_security_group.o4bproject_ec2",
            "aws_vpc.o4bproject"
          ]
        }
      ]
    },
    {
      "mode": "managed",
      "type": "aws_security_group",
      "name": "o4bproject_outer_alb",
      "provider": "provider[\"registry.terraform.io/hashicorp/aws\"]",
      "instances": [
        {
          "schema_version": 1,
          "attributes": {
            "arn": "arn:aws:ec2:eu-west-1:410587888893:security-group/sg-09bdf885d7459fe19",
            "description": "Security group for outer alb",
            "egress": [
              {
                "cidr_blocks": [],
                "description": "Allow all outbound traffic to instances on the load balancer listener port",
                "from_port": 80,
                "ipv6_cidr_blocks": [],
                "prefix_list_ids": [],
                "protocol": "tcp",
                "security_groups": [
                  "sg-09da00b01168af22b"
                ],
                "self": false,
                "to_port": 80
              }
            ],
            "id": "sg-09bdf885d7459fe19",
            "ingress": [
              {
                "cidr_blocks": [
                  "3.11.244.82/32",
                  "5.148.137.82/32"
                ],
                "description": "Allow inbound traffic from these IPs on the load balancer http listener port",
                "from_port": 80,
                "ipv6_cidr_blocks": [],
                "prefix_list_ids": [],
                "protocol": "tcp",
                "security_groups": [],
                "self": false,
                "to_port": 80
              },
              {
                "cidr_blocks": [
                  "3.11.244.82/32",
                  "5.148.137.82/32"
                ],
                "description": "Allow inbound traffic from these IPs on the load balancer https listener port",
                "from_port": 443,
                "ipv6_cidr_blocks": [],
                "prefix_list_ids": [],
                "protocol": "tcp",
                "security_groups": [],
                "self": false,
                "to_port": 443
              }
            ],
            "name": "o4bproject-outer-alb-sg",
            "name_prefix": "",
            "owner_id": "410587888893",
            "revoke_rules_on_delete": false,
            "tags": {
              "Environment": "dev",
              "Name": "o4bprocject-outer-alb-sg"
            },
            "tags_all": {
              "Environment": "dev",
              "Name": "o4bprocject-outer-alb-sg"
            },
            "timeouts": null,
            "vpc_id": "vpc-09a723eb4b5d68d59"
          },
          "sensitive_attributes": [],
          "private": "eyJlMmJmYjczMC1lY2FhLTExZTYtOGY4OC0zNDM2M2JjN2M0YzAiOnsiY3JlYXRlIjo2MDAwMDAwMDAwMDAsImRlbGV0ZSI6OTAwMDAwMDAwMDAwfSwic2NoZW1hX3ZlcnNpb24iOiIxIn0=",
          "dependencies": [
            "aws_security_group.o4bproject_ec2",
            "aws_vpc.o4bproject"
          ]
        }
      ]
    },
    {
      "mode": "managed",
      "type": "aws_security_group",
      "name": "o4bproject_rds_sg",
      "provider": "provider[\"registry.terraform.io/hashicorp/aws\"]",
      "instances": [
        {
          "schema_version": 1,
          "attributes": {
            "arn": "arn:aws:ec2:eu-west-1:410587888893:security-group/sg-09bd6a84c7e96e940",
            "description": "Security group rule for o4bproject-rds",
            "egress": [],
            "id": "sg-09bd6a84c7e96e940",
            "ingress": [
              {
                "cidr_blocks": [],
                "description": "Allow all inbound traffic to MySQL port from EC2",
                "from_port": 3306,
                "ipv6_cidr_blocks": [],
                "prefix_list_ids": [],
                "protocol": "tcp",
                "security_groups": [
                  "sg-09da00b01168af22b"
                ],
                "self": false,
                "to_port": 3306
              }
            ],
            "name": "o4bproject-rds-sg",
            "name_prefix": "",
            "owner_id": "410587888893",
            "revoke_rules_on_delete": false,
            "tags": {
              "Environment": "dev",
              "Name": "o4bproject-rds-sg"
            },
            "tags_all": {
              "Environment": "dev",
              "Name": "o4bproject-rds-sg"
            },
            "timeouts": null,
            "vpc_id": "vpc-09a723eb4b5d68d59"
          },
          "sensitive_attributes": [],
          "private": "eyJlMmJmYjczMC1lY2FhLTExZTYtOGY4OC0zNDM2M2JjN2M0YzAiOnsiY3JlYXRlIjo2MDAwMDAwMDAwMDAsImRlbGV0ZSI6OTAwMDAwMDAwMDAwfSwic2NoZW1hX3ZlcnNpb24iOiIxIn0=",
          "dependencies": [
            "aws_security_group.o4bproject_ec2",
            "aws_vpc.o4bproject"
          ]
        }
      ]
    },
    {
      "mode": "managed",
      "type": "aws_security_group",
      "name": "o4bproject_redis_sg",
      "provider": "provider[\"registry.terraform.io/hashicorp/aws\"]",
      "instances": [
        {
          "schema_version": 1,
          "attributes": {
            "arn": "arn:aws:ec2:eu-west-1:410587888893:security-group/sg-0cb080128c94ba742",
            "description": "Security group rules for redis cluster",
            "egress": [],
            "id": "sg-0cb080128c94ba742",
            "ingress": [
              {
                "cidr_blocks": [],
                "description": "Allow all inbound traffic to redis port from EC2",
                "from_port": 6379,
                "ipv6_cidr_blocks": [],
                "prefix_list_ids": [],
                "protocol": "tcp",
                "security_groups": [
                  "sg-09da00b01168af22b"
                ],
                "self": false,
                "to_port": 6379
              }
            ],
            "name": "o4bproject-redis-sg",
            "name_prefix": "",
            "owner_id": "410587888893",
            "revoke_rules_on_delete": false,
            "tags": {
              "Environment": "dev",
              "Name": "o4bproject-redis-sg"
            },
            "tags_all": {
              "Environment": "dev",
              "Name": "o4bproject-redis-sg"
            },
            "timeouts": null,
            "vpc_id": "vpc-09a723eb4b5d68d59"
          },
          "sensitive_attributes": [],
          "private": "eyJlMmJmYjczMC1lY2FhLTExZTYtOGY4OC0zNDM2M2JjN2M0YzAiOnsiY3JlYXRlIjo2MDAwMDAwMDAwMDAsImRlbGV0ZSI6OTAwMDAwMDAwMDAwfSwic2NoZW1hX3ZlcnNpb24iOiIxIn0=",
          "dependencies": [
            "aws_security_group.o4bproject_ec2",
            "aws_vpc.o4bproject"
          ]
        }
      ]
    },
    {
      "mode": "managed",
      "type": "aws_security_group_rule",
      "name": "o4bprocject_ec2_mysql_out",
      "provider": "provider[\"registry.terraform.io/hashicorp/aws\"]",
      "instances": [
        {
          "schema_version": 2,
          "attributes": {
            "cidr_blocks": null,
            "description": "Allow outbound traffic on the instance Mysql port",
            "from_port": 3306,
            "id": "sgrule-2011479610",
            "ipv6_cidr_blocks": null,
            "prefix_list_ids": null,
            "protocol": "tcp",
            "security_group_id": "sg-09da00b01168af22b",
            "self": false,
            "source_security_group_id": "sg-09bd6a84c7e96e940",
            "to_port": 3306,
            "type": "egress"
          },
          "sensitive_attributes": [],
          "private": "eyJzY2hlbWFfdmVyc2lvbiI6IjIifQ==",
          "dependencies": [
            "aws_security_group.o4bproject_ec2",
            "aws_security_group.o4bproject_rds_sg",
            "aws_vpc.o4bproject"
          ]
        }
      ]
    },
    {
      "mode": "managed",
      "type": "aws_security_group_rule",
      "name": "o4bproject_ec2_http_in_ec2",
      "provider": "provider[\"registry.terraform.io/hashicorp/aws\"]",
      "instances": [
        {
          "schema_version": 2,
          "attributes": {
            "cidr_blocks": null,
            "description": "Allow all inbound traffic from ec2 on http port",
            "from_port": 80,
            "id": "sgrule-2288106904",
            "ipv6_cidr_blocks": null,
            "prefix_list_ids": null,
            "protocol": "tcp",
            "security_group_id": "sg-09da00b01168af22b",
            "self": false,
            "source_security_group_id": "sg-09da00b01168af22b",
            "to_port": 80,
            "type": "ingress"
          },
          "sensitive_attributes": [],
          "private": "eyJzY2hlbWFfdmVyc2lvbiI6IjIifQ==",
          "dependencies": [
            "aws_security_group.o4bproject_ec2",
            "aws_vpc.o4bproject"
          ]
        }
      ]
    },
    {
      "mode": "managed",
      "type": "aws_security_group_rule",
      "name": "o4bproject_ec2_http_inner",
      "provider": "provider[\"registry.terraform.io/hashicorp/aws\"]",
      "instances": [
        {
          "schema_version": 2,
          "attributes": {
            "cidr_blocks": null,
            "description": "Allow all inbound traffic from the load balancer on http port",
            "from_port": 80,
            "id": "sgrule-1213214734",
            "ipv6_cidr_blocks": null,
            "prefix_list_ids": null,
            "protocol": "tcp",
            "security_group_id": "sg-09da00b01168af22b",
            "self": false,
            "source_security_group_id": "sg-0ce4434dea3f1c8ef",
            "to_port": 80,
            "type": "ingress"
          },
          "sensitive_attributes": [],
          "private": "eyJzY2hlbWFfdmVyc2lvbiI6IjIifQ==",
          "dependencies": [
            "aws_security_group.o4bprocject_inner_alb",
            "aws_security_group.o4bproject_ec2",
            "aws_vpc.o4bproject"
          ]
        }
      ]
    },
    {
      "mode": "managed",
      "type": "aws_security_group_rule",
      "name": "o4bproject_ec2_http_out",
      "provider": "provider[\"registry.terraform.io/hashicorp/aws\"]",
      "instances": [
        {
          "schema_version": 2,
          "attributes": {
            "cidr_blocks": [
              "0.0.0.0/0"
            ],
            "description": "Allow outbound traffic on the instance https port",
            "from_port": 80,
            "id": "sgrule-3611734295",
            "ipv6_cidr_blocks": null,
            "prefix_list_ids": null,
            "protocol": "tcp",
            "security_group_id": "sg-09da00b01168af22b",
            "self": false,
            "source_security_group_id": null,
            "to_port": 80,
            "type": "egress"
          },
          "sensitive_attributes": [],
          "private": "eyJzY2hlbWFfdmVyc2lvbiI6IjIifQ==",
          "dependencies": [
            "aws_security_group.o4bproject_ec2",
            "aws_vpc.o4bproject"
          ]
        }
      ]
    },
    {
      "mode": "managed",
      "type": "aws_security_group_rule",
      "name": "o4bproject_ec2_http_outer",
      "provider": "provider[\"registry.terraform.io/hashicorp/aws\"]",
      "instances": [
        {
          "schema_version": 2,
          "attributes": {
            "cidr_blocks": null,
            "description": "Allow all inbound traffic from the load balancer on http port",
            "from_port": 80,
            "id": "sgrule-940653045",
            "ipv6_cidr_blocks": null,
            "prefix_list_ids": null,
            "protocol": "tcp",
            "security_group_id": "sg-09da00b01168af22b",
            "self": false,
            "source_security_group_id": "sg-09bdf885d7459fe19",
            "to_port": 80,
            "type": "ingress"
          },
          "sensitive_attributes": [],
          "private": "eyJzY2hlbWFfdmVyc2lvbiI6IjIifQ==",
          "dependencies": [
            "aws_security_group.o4bproject_ec2",
            "aws_security_group.o4bproject_outer_alb",
            "aws_vpc.o4bproject"
          ]
        }
      ]
    },
    {
      "mode": "managed",
      "type": "aws_security_group_rule",
      "name": "o4bproject_ec2_https_out",
      "provider": "provider[\"registry.terraform.io/hashicorp/aws\"]",
      "instances": [
        {
          "schema_version": 2,
          "attributes": {
            "cidr_blocks": [
              "0.0.0.0/0"
            ],
            "description": "Allow outbound traffic on the instance https port",
            "from_port": 443,
            "id": "sgrule-1082345463",
            "ipv6_cidr_blocks": null,
            "prefix_list_ids": null,
            "protocol": "tcp",
            "security_group_id": "sg-09da00b01168af22b",
            "self": false,
            "source_security_group_id": null,
            "to_port": 443,
            "type": "egress"
          },
          "sensitive_attributes": [],
          "private": "eyJzY2hlbWFfdmVyc2lvbiI6IjIifQ==",
          "dependencies": [
            "aws_security_group.o4bproject_ec2",
            "aws_vpc.o4bproject"
          ]
        }
      ]
    },
    {
      "mode": "managed",
      "type": "aws_subnet",
      "name": "o4bproject-private",
      "provider": "provider[\"registry.terraform.io/hashicorp/aws\"]",
      "instances": [
        {
          "schema_version": 1,
          "attributes": {
            "arn": "arn:aws:ec2:eu-west-1:410587888893:subnet/subnet-0551b643ee230e49e",
            "assign_ipv6_address_on_creation": false,
            "availability_zone": "eu-west-1a",
            "availability_zone_id": "euw1-az2",
            "cidr_block": "10.0.1.0/24",
            "customer_owned_ipv4_pool": "",
            "enable_dns64": false,
            "enable_resource_name_dns_a_record_on_launch": false,
            "enable_resource_name_dns_aaaa_record_on_launch": false,
            "id": "subnet-0551b643ee230e49e",
            "ipv6_cidr_block": "",
            "ipv6_cidr_block_association_id": "",
            "ipv6_native": false,
            "map_customer_owned_ip_on_launch": false,
            "map_public_ip_on_launch": false,
            "outpost_arn": "",
            "owner_id": "410587888893",
            "private_dns_hostname_type_on_launch": "ip-name",
            "tags": {
              "Environment": "dev",
              "Name": "o4bproject-private-subnet"
            },
            "tags_all": {
              "Environment": "dev",
              "Name": "o4bproject-private-subnet"
            },
            "timeouts": null,
            "vpc_id": "vpc-09a723eb4b5d68d59"
          },
          "sensitive_attributes": [],
          "private": "eyJlMmJmYjczMC1lY2FhLTExZTYtOGY4OC0zNDM2M2JjN2M0YzAiOnsiY3JlYXRlIjo2MDAwMDAwMDAwMDAsImRlbGV0ZSI6MTIwMDAwMDAwMDAwMH0sInNjaGVtYV92ZXJzaW9uIjoiMSJ9",
          "dependencies": [
            "aws_vpc.o4bproject"
          ]
        }
      ]
    },
    {
      "mode": "managed",
      "type": "aws_subnet",
      "name": "o4bproject-public",
      "provider": "provider[\"registry.terraform.io/hashicorp/aws\"]",
      "instances": [
        {
          "schema_version": 1,
          "attributes": {
            "arn": "arn:aws:ec2:eu-west-1:410587888893:subnet/subnet-0be1ab3ae75984bef",
            "assign_ipv6_address_on_creation": false,
            "availability_zone": "eu-west-1b",
            "availability_zone_id": "euw1-az3",
            "cidr_block": "10.0.2.0/24",
            "customer_owned_ipv4_pool": "",
            "enable_dns64": false,
            "enable_resource_name_dns_a_record_on_launch": false,
            "enable_resource_name_dns_aaaa_record_on_launch": false,
            "id": "subnet-0be1ab3ae75984bef",
            "ipv6_cidr_block": "",
            "ipv6_cidr_block_association_id": "",
            "ipv6_native": false,
            "map_customer_owned_ip_on_launch": false,
            "map_public_ip_on_launch": false,
            "outpost_arn": "",
            "owner_id": "410587888893",
            "private_dns_hostname_type_on_launch": "ip-name",
            "tags": {
              "Environment": "dev",
              "Name": "o4bproject-public-subnet"
            },
            "tags_all": {
              "Environment": "dev",
              "Name": "o4bproject-public-subnet"
            },
            "timeouts": null,
            "vpc_id": "vpc-09a723eb4b5d68d59"
          },
          "sensitive_attributes": [],
          "private": "eyJlMmJmYjczMC1lY2FhLTExZTYtOGY4OC0zNDM2M2JjN2M0YzAiOnsiY3JlYXRlIjo2MDAwMDAwMDAwMDAsImRlbGV0ZSI6MTIwMDAwMDAwMDAwMH0sInNjaGVtYV92ZXJzaW9uIjoiMSJ9",
          "dependencies": [
            "aws_vpc.o4bproject"
          ]
        }
      ]
    },
    {
      "mode": "managed",
      "type": "aws_vpc",
      "name": "o4bproject",
      "provider": "provider[\"registry.terraform.io/hashicorp/aws\"]",
      "instances": [
        {
          "schema_version": 1,
          "attributes": {
            "arn": "arn:aws:ec2:eu-west-1:410587888893:vpc/vpc-09a723eb4b5d68d59",
            "assign_generated_ipv6_cidr_block": false,
            "cidr_block": "10.0.0.0/16",
            "default_network_acl_id": "acl-03b78f3295819651d",
            "default_route_table_id": "rtb-0ea08d4a63e467757",
            "default_security_group_id": "sg-0a2a3806e133a28c4",
            "dhcp_options_id": "dopt-3c5e7259",
            "enable_classiclink": false,
            "enable_classiclink_dns_support": false,
            "enable_dns_hostnames": true,
            "enable_dns_support": true,
            "id": "vpc-09a723eb4b5d68d59",
            "instance_tenancy": "default",
            "ipv4_ipam_pool_id": null,
            "ipv4_netmask_length": null,
            "ipv6_association_id": "",
            "ipv6_cidr_block": "",
            "ipv6_cidr_block_network_border_group": "",
            "ipv6_ipam_pool_id": "",
            "ipv6_netmask_length": 0,
            "main_route_table_id": "rtb-0ea08d4a63e467757",
            "owner_id": "410587888893",
            "tags": {
              "Environment": "dev",
              "Name": "o4bproject-vpc"
            },
            "tags_all": {
              "Environment": "dev",
              "Name": "o4bproject-vpc"
            }
          },
          "sensitive_attributes": [],
          "private": "eyJzY2hlbWFfdmVyc2lvbiI6IjEifQ=="
        }
      ]
    },
    {
      "mode": "managed",
      "type": "aws_vpc_dhcp_options",
      "name": "o4bproject-dhcp",
      "provider": "provider[\"registry.terraform.io/hashicorp/aws\"]",
      "instances": [
        {
          "schema_version": 0,
          "attributes": {
            "arn": "arn:aws:ec2:eu-west-1:410587888893:dhcp-options/dopt-02a6ace7f85b843f4",
            "domain_name": "eu-west-1.compute.internal",
            "domain_name_servers": [
              "AmazonProvidedDNS"
            ],
            "id": "dopt-02a6ace7f85b843f4",
            "netbios_name_servers": null,
            "netbios_node_type": null,
            "ntp_servers": null,
            "owner_id": "410587888893",
            "tags": {
              "Environment": "dev",
              "Name": "o4bproject-dhcp"
            },
            "tags_all": {
              "Environment": "dev",
              "Name": "o4bproject-dhcp"
            }
          },
          "sensitive_attributes": [],
          "private": "bnVsbA=="
        }
      ]
    },
    {
      "mode": "managed",
      "type": "aws_vpc_dhcp_options_association",
      "name": "o4bproject-dhcp-association",
      "provider": "provider[\"registry.terraform.io/hashicorp/aws\"]",
      "instances": [
        {
          "schema_version": 0,
          "attributes": {
            "dhcp_options_id": "dopt-02a6ace7f85b843f4",
            "id": "dopt-02a6ace7f85b843f4-vpc-09a723eb4b5d68d59",
            "vpc_id": "vpc-09a723eb4b5d68d59"
          },
          "sensitive_attributes": [],
          "private": "bnVsbA==",
          "dependencies": [
            "aws_vpc.o4bproject",
            "aws_vpc_dhcp_options.o4bproject-dhcp"
          ]
        }
      ]
    }
  ]
}
